// !$*UTF8*$!
{
	archiveVersion = 1;
	classes = {
	};
	objectVersion = 50;
	objects = {

/* Begin PBXBuildFile section */
		02732AA520E2EC80004EA149 /* Pods_SocialTrader.framework in Frameworks */ = {isa = PBXBuildFile; fileRef = 02732AA420E2EC80004EA149 /* Pods_SocialTrader.framework */; };
		02732AA720E2ECEC004EA149 /* Charts.framework in Frameworks */ = {isa = PBXBuildFile; fileRef = 02732AA620E2ECEC004EA149 /* Charts.framework */; };
		02732AA920E2EE41004EA149 /* Alamofire.framework in Frameworks */ = {isa = PBXBuildFile; fileRef = 02732AA820E2EE41004EA149 /* Alamofire.framework */; };
		02732AAB20E2EE41004EA149 /* Bolts.framework in Frameworks */ = {isa = PBXBuildFile; fileRef = 02732AAA20E2EE41004EA149 /* Bolts.framework */; };
		02732AAD20E2EE41004EA149 /* FBSDKCoreKit.framework in Frameworks */ = {isa = PBXBuildFile; fileRef = 02732AAC20E2EE41004EA149 /* FBSDKCoreKit.framework */; };
		02732AAF20E2EE41004EA149 /* FBSDKLoginKit.framework in Frameworks */ = {isa = PBXBuildFile; fileRef = 02732AAE20E2EE41004EA149 /* FBSDKLoginKit.framework */; };
		02732AB120E2EE41004EA149 /* FBSDKShareKit.framework in Frameworks */ = {isa = PBXBuildFile; fileRef = 02732AB020E2EE41004EA149 /* FBSDKShareKit.framework */; };
		02732AB320E2EE41004EA149 /* GoogleToolboxForMac.framework in Frameworks */ = {isa = PBXBuildFile; fileRef = 02732AB220E2EE41004EA149 /* GoogleToolboxForMac.framework */; };
		02732AB520E2EE41004EA149 /* nanopb.framework in Frameworks */ = {isa = PBXBuildFile; fileRef = 02732AB420E2EE41004EA149 /* nanopb.framework */; };
		02732AB720E2EE41004EA149 /* Pods_SocialTraderTests.framework in Frameworks */ = {isa = PBXBuildFile; fileRef = 02732AB620E2EE41004EA149 /* Pods_SocialTraderTests.framework */; };
		02732AB920E2EE41004EA149 /* Pods_SocialTraderUITests.framework in Frameworks */ = {isa = PBXBuildFile; fileRef = 02732AB820E2EE41004EA149 /* Pods_SocialTraderUITests.framework */; };
		02732ABB20E2EE41004EA149 /* SideMenu.framework in Frameworks */ = {isa = PBXBuildFile; fileRef = 02732ABA20E2EE41004EA149 /* SideMenu.framework */; };
		02732ABD20E2EE41004EA149 /* SwiftyJSON.framework in Frameworks */ = {isa = PBXBuildFile; fileRef = 02732ABC20E2EE41004EA149 /* SwiftyJSON.framework */; };
		02A11B5C20E2A242000CD92B /* AppDelegate.swift in Sources */ = {isa = PBXBuildFile; fileRef = 02A11B5B20E2A242000CD92B /* AppDelegate.swift */; };
		02A11B6320E2A245000CD92B /* Assets.xcassets in Resources */ = {isa = PBXBuildFile; fileRef = 02A11B6220E2A245000CD92B /* Assets.xcassets */; };
		02A11B7120E2A245000CD92B /* SocialTraderTests.swift in Sources */ = {isa = PBXBuildFile; fileRef = 02A11B7020E2A245000CD92B /* SocialTraderTests.swift */; };
		02A11B7C20E2A245000CD92B /* SocialTraderUITests.swift in Sources */ = {isa = PBXBuildFile; fileRef = 02A11B7B20E2A245000CD92B /* SocialTraderUITests.swift */; };
		02A11BA420E2C9C8000CD92B /* LaunchScreen.storyboard in Resources */ = {isa = PBXBuildFile; fileRef = 02A11BA020E2C9C8000CD92B /* LaunchScreen.storyboard */; };
		02A11BA520E2C9C8000CD92B /* Main.storyboard in Resources */ = {isa = PBXBuildFile; fileRef = 02A11BA220E2C9C8000CD92B /* Main.storyboard */; };
		02A11BA720E2CA5E000CD92B /* Constants.swift in Sources */ = {isa = PBXBuildFile; fileRef = 02A11BA620E2CA5E000CD92B /* Constants.swift */; };
		02A11BB720E2CAAC000CD92B /* Holders.swift in Sources */ = {isa = PBXBuildFile; fileRef = 02A11BA920E2CAAC000CD92B /* Holders.swift */; };
		02A11BB820E2CAAC000CD92B /* Quote.swift in Sources */ = {isa = PBXBuildFile; fileRef = 02A11BAA20E2CAAC000CD92B /* Quote.swift */; };
		02A11BB920E2CAAC000CD92B /* User.swift in Sources */ = {isa = PBXBuildFile; fileRef = 02A11BAB20E2CAAC000CD92B /* User.swift */; };
		02A11BBA20E2CAAC000CD92B /* Portfolio.swift in Sources */ = {isa = PBXBuildFile; fileRef = 02A11BAC20E2CAAC000CD92B /* Portfolio.swift */; };
		02A11BBB20E2CAAC000CD92B /* Holder.swift in Sources */ = {isa = PBXBuildFile; fileRef = 02A11BAD20E2CAAC000CD92B /* Holder.swift */; };
		02A11BBC20E2CAAC000CD92B /* FbDataManager.swift in Sources */ = {isa = PBXBuildFile; fileRef = 02A11BAF20E2CAAC000CD92B /* FbDataManager.swift */; };
		02A11BBD20E2CAAD000CD92B /* GainHistoryItem.swift in Sources */ = {isa = PBXBuildFile; fileRef = 02A11BB020E2CAAC000CD92B /* GainHistoryItem.swift */; };
		02A11BBE20E2CAAD000CD92B /* Ranking.swift in Sources */ = {isa = PBXBuildFile; fileRef = 02A11BB120E2CAAC000CD92B /* Ranking.swift */; };
		02A11BBF20E2CAAD000CD92B /* Transaction.swift in Sources */ = {isa = PBXBuildFile; fileRef = 02A11BB220E2CAAC000CD92B /* Transaction.swift */; };
		02A11BC020E2CAAD000CD92B /* GainHistoryFilter.swift in Sources */ = {isa = PBXBuildFile; fileRef = 02A11BB320E2CAAC000CD92B /* GainHistoryFilter.swift */; };
		02A11BC120E2CAAD000CD92B /* Market.swift in Sources */ = {isa = PBXBuildFile; fileRef = 02A11BB420E2CAAC000CD92B /* Market.swift */; };
		02A11BC220E2CAAD000CD92B /* Position.swift in Sources */ = {isa = PBXBuildFile; fileRef = 02A11BB520E2CAAC000CD92B /* Position.swift */; };
		02A11BC320E2CAAD000CD92B /* Symbol.swift in Sources */ = {isa = PBXBuildFile; fileRef = 02A11BB620E2CAAC000CD92B /* Symbol.swift */; };
		02A11BD520E2CAB6000CD92B /* RankingTableVC.swift in Sources */ = {isa = PBXBuildFile; fileRef = 02A11BC520E2CAB6000CD92B /* RankingTableVC.swift */; };
		02A11BD620E2CAB6000CD92B /* TermsVC.swift in Sources */ = {isa = PBXBuildFile; fileRef = 02A11BC620E2CAB6000CD92B /* TermsVC.swift */; };
		02A11BD720E2CAB6000CD92B /* RootNavigationVC.swift in Sources */ = {isa = PBXBuildFile; fileRef = 02A11BC720E2CAB6000CD92B /* RootNavigationVC.swift */; };
		02A11BD820E2CAB6000CD92B /* AboutAppVC.swift in Sources */ = {isa = PBXBuildFile; fileRef = 02A11BC820E2CAB6000CD92B /* AboutAppVC.swift */; };
		02A11BD920E2CAB6000CD92B /* TutorialVC.swift in Sources */ = {isa = PBXBuildFile; fileRef = 02A11BC920E2CAB6000CD92B /* TutorialVC.swift */; };
		02A11BDA20E2CAB6000CD92B /* StockVC.swift in Sources */ = {isa = PBXBuildFile; fileRef = 02A11BCA20E2CAB6000CD92B /* StockVC.swift */; };
		02A11BDB20E2CAB6000CD92B /* MasterVC.swift in Sources */ = {isa = PBXBuildFile; fileRef = 02A11BCB20E2CAB6000CD92B /* MasterVC.swift */; };
		02A11BDC20E2CAB6000CD92B /* FriendPortfolioVC.swift in Sources */ = {isa = PBXBuildFile; fileRef = 02A11BCC20E2CAB6000CD92B /* FriendPortfolioVC.swift */; };
		02A11BDD20E2CAB6000CD92B /* SymbolSearchVC.swift in Sources */ = {isa = PBXBuildFile; fileRef = 02A11BCD20E2CAB6000CD92B /* SymbolSearchVC.swift */; };
		02A11BDE20E2CAB6000CD92B /* HoldersVC.swift in Sources */ = {isa = PBXBuildFile; fileRef = 02A11BCE20E2CAB6000CD92B /* HoldersVC.swift */; };
		02A11BDF20E2CAB6000CD92B /* ReferVC.swift in Sources */ = {isa = PBXBuildFile; fileRef = 02A11BCF20E2CAB6000CD92B /* ReferVC.swift */; };
		02A11BE020E2CAB6000CD92B /* BuySellVC.swift in Sources */ = {isa = PBXBuildFile; fileRef = 02A11BD020E2CAB6000CD92B /* BuySellVC.swift */; };
		02A11BE120E2CAB6000CD92B /* LoginViewController.swift in Sources */ = {isa = PBXBuildFile; fileRef = 02A11BD120E2CAB6000CD92B /* LoginViewController.swift */; };
		02A11BE220E2CAB6000CD92B /* StockHoldersVC.swift in Sources */ = {isa = PBXBuildFile; fileRef = 02A11BD220E2CAB6000CD92B /* StockHoldersVC.swift */; };
		02A11BE320E2CAB6000CD92B /* SideBarVC.swift in Sources */ = {isa = PBXBuildFile; fileRef = 02A11BD320E2CAB6000CD92B /* SideBarVC.swift */; };
		02A11BE420E2CAB6000CD92B /* ProductVC.swift in Sources */ = {isa = PBXBuildFile; fileRef = 02A11BD420E2CAB6000CD92B /* ProductVC.swift */; };
		02A11BF420E2CAD5000CD92B /* MenuHeaderCell.swift in Sources */ = {isa = PBXBuildFile; fileRef = 02A11BE620E2CAD5000CD92B /* MenuHeaderCell.swift */; };
		02A11BF520E2CAD5000CD92B /* PhotoCell.swift in Sources */ = {isa = PBXBuildFile; fileRef = 02A11BE720E2CAD5000CD92B /* PhotoCell.swift */; };
		02A11BF620E2CAD5000CD92B /* TrxInfoCell.swift in Sources */ = {isa = PBXBuildFile; fileRef = 02A11BE820E2CAD5000CD92B /* TrxInfoCell.swift */; };
		02A11BF720E2CAD5000CD92B /* ReferCell.swift in Sources */ = {isa = PBXBuildFile; fileRef = 02A11BE920E2CAD5000CD92B /* ReferCell.swift */; };
		02A11BF820E2CAD5000CD92B /* PortfolioSummaryCell.swift in Sources */ = {isa = PBXBuildFile; fileRef = 02A11BEA20E2CAD5000CD92B /* PortfolioSummaryCell.swift */; };
		02A11BF920E2CAD5000CD92B /* ProductCell.swift in Sources */ = {isa = PBXBuildFile; fileRef = 02A11BEB20E2CAD5000CD92B /* ProductCell.swift */; };
		02A11BFA20E2CAD6000CD92B /* MenuTableViewCell.swift in Sources */ = {isa = PBXBuildFile; fileRef = 02A11BEC20E2CAD5000CD92B /* MenuTableViewCell.swift */; };
		02A11BFB20E2CAD6000CD92B /* RankingCell.swift in Sources */ = {isa = PBXBuildFile; fileRef = 02A11BED20E2CAD5000CD92B /* RankingCell.swift */; };
		02A11BFC20E2CAD6000CD92B /* TrxInputCell.swift in Sources */ = {isa = PBXBuildFile; fileRef = 02A11BEE20E2CAD5000CD92B /* TrxInputCell.swift */; };
		02A11BFD20E2CAD6000CD92B /* HolderCell.swift in Sources */ = {isa = PBXBuildFile; fileRef = 02A11BEF20E2CAD5000CD92B /* HolderCell.swift */; };
		02A11BFE20E2CAD6000CD92B /* StockActionCell.swift in Sources */ = {isa = PBXBuildFile; fileRef = 02A11BF020E2CAD5000CD92B /* StockActionCell.swift */; };
		02A11BFF20E2CAD6000CD92B /* PortfolioCell.swift in Sources */ = {isa = PBXBuildFile; fileRef = 02A11BF120E2CAD5000CD92B /* PortfolioCell.swift */; };
		02A11C0020E2CAD6000CD92B /* TrxActionCell.swift in Sources */ = {isa = PBXBuildFile; fileRef = 02A11BF220E2CAD5000CD92B /* TrxActionCell.swift */; };
		02A11C0120E2CAD6000CD92B /* StockInfoCell.swift in Sources */ = {isa = PBXBuildFile; fileRef = 02A11BF320E2CAD5000CD92B /* StockInfoCell.swift */; };
		02A11C0B20E2CADB000CD92B /* LineChart1ViewController.xib in Resources */ = {isa = PBXBuildFile; fileRef = 02A11C0420E2CADB000CD92B /* LineChart1ViewController.xib */; };
		02A11C0C20E2CADB000CD92B /* ChartBaseViewController.m in Sources */ = {isa = PBXBuildFile; fileRef = 02A11C0720E2CADB000CD92B /* ChartBaseViewController.m */; };
		02A11C0D20E2CADB000CD92B /* HalfPieChartViewController.xib in Resources */ = {isa = PBXBuildFile; fileRef = 02A11C0820E2CADB000CD92B /* HalfPieChartViewController.xib */; };
		02A11C0E20E2CADB000CD92B /* LineChart1ViewController.m in Sources */ = {isa = PBXBuildFile; fileRef = 02A11C0920E2CADB000CD92B /* LineChart1ViewController.m */; };
		02A11C0F20E2CADB000CD92B /* HalfPieChartViewController.m in Sources */ = {isa = PBXBuildFile; fileRef = 02A11C0A20E2CADB000CD92B /* HalfPieChartViewController.m */; };
		02A11C1120E2CB19000CD92B /* Icons.xcassets in Resources */ = {isa = PBXBuildFile; fileRef = 02A11C1020E2CB19000CD92B /* Icons.xcassets */; };
		02A11C1320E2CB49000CD92B /* GoogleService-Info.plist in Resources */ = {isa = PBXBuildFile; fileRef = 02A11C1220E2CB49000CD92B /* GoogleService-Info.plist */; };
		02A11C1520E2CB55000CD92B /* symbols.plist in Resources */ = {isa = PBXBuildFile; fileRef = 02A11C1420E2CB55000CD92B /* symbols.plist */; };
		02A11C1E20E2CC2B000CD92B /* Localizable.strings in Resources */ = {isa = PBXBuildFile; fileRef = 02A11C1C20E2CC2A000CD92B /* Localizable.strings */; };
		3EF7BA56E63D7D8F53F14088 /* Pods_SocialTraderTests.framework in Frameworks */ = {isa = PBXBuildFile; fileRef = 02732AB620E2EE41004EA149 /* Pods_SocialTraderTests.framework */; };
		D8295E3A54F5B6AE84DDF1BE /* Pods_SocialTraderUITests.framework in Frameworks */ = {isa = PBXBuildFile; fileRef = 02732AB820E2EE41004EA149 /* Pods_SocialTraderUITests.framework */; };
/* End PBXBuildFile section */

/* Begin PBXContainerItemProxy section */
		02A11B6D20E2A245000CD92B /* PBXContainerItemProxy */ = {
			isa = PBXContainerItemProxy;
			containerPortal = 02A11B5020E2A242000CD92B /* Project object */;
			proxyType = 1;
			remoteGlobalIDString = 02A11B5720E2A242000CD92B;
			remoteInfo = SocialTrader;
		};
		02A11B7820E2A245000CD92B /* PBXContainerItemProxy */ = {
			isa = PBXContainerItemProxy;
			containerPortal = 02A11B5020E2A242000CD92B /* Project object */;
			proxyType = 1;
			remoteGlobalIDString = 02A11B5720E2A242000CD92B;
			remoteInfo = SocialTrader;
		};
/* End PBXContainerItemProxy section */

/* Begin PBXCopyFilesBuildPhase section */
		02732AC120E2EECA004EA149 /* Embed Frameworks */ = {
			isa = PBXCopyFilesBuildPhase;
			buildActionMask = 2147483647;
			dstPath = "";
			dstSubfolderSpec = 10;
			files = (
			);
			name = "Embed Frameworks";
			runOnlyForDeploymentPostprocessing = 0;
		};
/* End PBXCopyFilesBuildPhase section */

/* Begin PBXFileReference section */
		02732AA420E2EC80004EA149 /* Pods_SocialTrader.framework */ = {isa = PBXFileReference; explicitFileType = wrapper.framework; path = Pods_SocialTrader.framework; sourceTree = BUILT_PRODUCTS_DIR; };
		02732AA620E2ECEC004EA149 /* Charts.framework */ = {isa = PBXFileReference; explicitFileType = wrapper.framework; path = Charts.framework; sourceTree = BUILT_PRODUCTS_DIR; };
		02732AA820E2EE41004EA149 /* Alamofire.framework */ = {isa = PBXFileReference; explicitFileType = wrapper.framework; path = Alamofire.framework; sourceTree = BUILT_PRODUCTS_DIR; };
		02732AAA20E2EE41004EA149 /* Bolts.framework */ = {isa = PBXFileReference; explicitFileType = wrapper.framework; path = Bolts.framework; sourceTree = BUILT_PRODUCTS_DIR; };
		02732AAC20E2EE41004EA149 /* FBSDKCoreKit.framework */ = {isa = PBXFileReference; explicitFileType = wrapper.framework; path = FBSDKCoreKit.framework; sourceTree = BUILT_PRODUCTS_DIR; };
		02732AAE20E2EE41004EA149 /* FBSDKLoginKit.framework */ = {isa = PBXFileReference; explicitFileType = wrapper.framework; path = FBSDKLoginKit.framework; sourceTree = BUILT_PRODUCTS_DIR; };
		02732AB020E2EE41004EA149 /* FBSDKShareKit.framework */ = {isa = PBXFileReference; explicitFileType = wrapper.framework; path = FBSDKShareKit.framework; sourceTree = BUILT_PRODUCTS_DIR; };
		02732AB220E2EE41004EA149 /* GoogleToolboxForMac.framework */ = {isa = PBXFileReference; explicitFileType = wrapper.framework; path = GoogleToolboxForMac.framework; sourceTree = BUILT_PRODUCTS_DIR; };
		02732AB420E2EE41004EA149 /* nanopb.framework */ = {isa = PBXFileReference; explicitFileType = wrapper.framework; path = nanopb.framework; sourceTree = BUILT_PRODUCTS_DIR; };
		02732AB620E2EE41004EA149 /* Pods_SocialTraderTests.framework */ = {isa = PBXFileReference; explicitFileType = wrapper.framework; path = Pods_SocialTraderTests.framework; sourceTree = BUILT_PRODUCTS_DIR; };
		02732AB820E2EE41004EA149 /* Pods_SocialTraderUITests.framework */ = {isa = PBXFileReference; explicitFileType = wrapper.framework; path = Pods_SocialTraderUITests.framework; sourceTree = BUILT_PRODUCTS_DIR; };
		02732ABA20E2EE41004EA149 /* SideMenu.framework */ = {isa = PBXFileReference; explicitFileType = wrapper.framework; path = SideMenu.framework; sourceTree = BUILT_PRODUCTS_DIR; };
		02732ABC20E2EE41004EA149 /* SwiftyJSON.framework */ = {isa = PBXFileReference; explicitFileType = wrapper.framework; path = SwiftyJSON.framework; sourceTree = BUILT_PRODUCTS_DIR; };
		02732B1620E330CD004EA149 /* SocialTrader copy-Info.plist */ = {isa = PBXFileReference; lastKnownFileType = text.plist.xml; name = "SocialTrader copy-Info.plist"; path = "/Users/mehran/Developer/Swift Projcts/SocialTrader/SocialTrader copy-Info.plist"; sourceTree = "<absolute>"; };
		02732B6920E330DB004EA149 /* SocialTrader-Dev copy-Info.plist */ = {isa = PBXFileReference; lastKnownFileType = text.plist.xml; name = "SocialTrader-Dev copy-Info.plist"; path = "/Users/mehran/Developer/Swift Projcts/SocialTrader/SocialTrader-Dev copy-Info.plist"; sourceTree = "<absolute>"; };
		02A11B5820E2A242000CD92B /* SocialTrader.app */ = {isa = PBXFileReference; explicitFileType = wrapper.application; includeInIndex = 0; path = SocialTrader.app; sourceTree = BUILT_PRODUCTS_DIR; };
		02A11B5B20E2A242000CD92B /* AppDelegate.swift */ = {isa = PBXFileReference; lastKnownFileType = sourcecode.swift; path = AppDelegate.swift; sourceTree = "<group>"; };
		02A11B6220E2A245000CD92B /* Assets.xcassets */ = {isa = PBXFileReference; lastKnownFileType = folder.assetcatalog; path = Assets.xcassets; sourceTree = "<group>"; };
		02A11B6720E2A245000CD92B /* Info.plist */ = {isa = PBXFileReference; lastKnownFileType = text.plist.xml; path = Info.plist; sourceTree = "<group>"; };
		02A11B6C20E2A245000CD92B /* SocialTraderTests.xctest */ = {isa = PBXFileReference; explicitFileType = wrapper.cfbundle; includeInIndex = 0; path = SocialTraderTests.xctest; sourceTree = BUILT_PRODUCTS_DIR; };
		02A11B7020E2A245000CD92B /* SocialTraderTests.swift */ = {isa = PBXFileReference; lastKnownFileType = sourcecode.swift; path = SocialTraderTests.swift; sourceTree = "<group>"; };
		02A11B7220E2A245000CD92B /* Info.plist */ = {isa = PBXFileReference; lastKnownFileType = text.plist.xml; path = Info.plist; sourceTree = "<group>"; };
		02A11B7720E2A245000CD92B /* SocialTraderUITests.xctest */ = {isa = PBXFileReference; explicitFileType = wrapper.cfbundle; includeInIndex = 0; path = SocialTraderUITests.xctest; sourceTree = BUILT_PRODUCTS_DIR; };
		02A11B7B20E2A245000CD92B /* SocialTraderUITests.swift */ = {isa = PBXFileReference; lastKnownFileType = sourcecode.swift; path = SocialTraderUITests.swift; sourceTree = "<group>"; };
		02A11B7D20E2A245000CD92B /* Info.plist */ = {isa = PBXFileReference; lastKnownFileType = text.plist.xml; path = Info.plist; sourceTree = "<group>"; };
		02A11B9F20E2C957000CD92B /* SocialTrader-Bridging-Header.h */ = {isa = PBXFileReference; fileEncoding = 4; lastKnownFileType = sourcecode.c.h; path = "SocialTrader-Bridging-Header.h"; sourceTree = "<group>"; };
		02A11BA120E2C9C8000CD92B /* Base */ = {isa = PBXFileReference; lastKnownFileType = file.storyboard; name = Base; path = Base.lproj/LaunchScreen.storyboard; sourceTree = "<group>"; };
		02A11BA320E2C9C8000CD92B /* Base */ = {isa = PBXFileReference; lastKnownFileType = file.storyboard; name = Base; path = Base.lproj/Main.storyboard; sourceTree = "<group>"; };
		02A11BA620E2CA5E000CD92B /* Constants.swift */ = {isa = PBXFileReference; fileEncoding = 4; lastKnownFileType = sourcecode.swift; path = Constants.swift; sourceTree = "<group>"; };
		02A11BA920E2CAAC000CD92B /* Holders.swift */ = {isa = PBXFileReference; fileEncoding = 4; lastKnownFileType = sourcecode.swift; path = Holders.swift; sourceTree = "<group>"; };
		02A11BAA20E2CAAC000CD92B /* Quote.swift */ = {isa = PBXFileReference; fileEncoding = 4; lastKnownFileType = sourcecode.swift; path = Quote.swift; sourceTree = "<group>"; };
		02A11BAB20E2CAAC000CD92B /* User.swift */ = {isa = PBXFileReference; fileEncoding = 4; lastKnownFileType = sourcecode.swift; path = User.swift; sourceTree = "<group>"; };
		02A11BAC20E2CAAC000CD92B /* Portfolio.swift */ = {isa = PBXFileReference; fileEncoding = 4; lastKnownFileType = sourcecode.swift; path = Portfolio.swift; sourceTree = "<group>"; };
		02A11BAD20E2CAAC000CD92B /* Holder.swift */ = {isa = PBXFileReference; fileEncoding = 4; lastKnownFileType = sourcecode.swift; path = Holder.swift; sourceTree = "<group>"; };
		02A11BAF20E2CAAC000CD92B /* FbDataManager.swift */ = {isa = PBXFileReference; fileEncoding = 4; lastKnownFileType = sourcecode.swift; path = FbDataManager.swift; sourceTree = "<group>"; };
		02A11BB020E2CAAC000CD92B /* GainHistoryItem.swift */ = {isa = PBXFileReference; fileEncoding = 4; lastKnownFileType = sourcecode.swift; path = GainHistoryItem.swift; sourceTree = "<group>"; };
		02A11BB120E2CAAC000CD92B /* Ranking.swift */ = {isa = PBXFileReference; fileEncoding = 4; lastKnownFileType = sourcecode.swift; path = Ranking.swift; sourceTree = "<group>"; };
		02A11BB220E2CAAC000CD92B /* Transaction.swift */ = {isa = PBXFileReference; fileEncoding = 4; lastKnownFileType = sourcecode.swift; path = Transaction.swift; sourceTree = "<group>"; };
		02A11BB320E2CAAC000CD92B /* GainHistoryFilter.swift */ = {isa = PBXFileReference; fileEncoding = 4; lastKnownFileType = sourcecode.swift; path = GainHistoryFilter.swift; sourceTree = "<group>"; };
		02A11BB420E2CAAC000CD92B /* Market.swift */ = {isa = PBXFileReference; fileEncoding = 4; lastKnownFileType = sourcecode.swift; path = Market.swift; sourceTree = "<group>"; };
		02A11BB520E2CAAC000CD92B /* Position.swift */ = {isa = PBXFileReference; fileEncoding = 4; lastKnownFileType = sourcecode.swift; path = Position.swift; sourceTree = "<group>"; };
		02A11BB620E2CAAC000CD92B /* Symbol.swift */ = {isa = PBXFileReference; fileEncoding = 4; lastKnownFileType = sourcecode.swift; path = Symbol.swift; sourceTree = "<group>"; };
		02A11BC520E2CAB6000CD92B /* RankingTableVC.swift */ = {isa = PBXFileReference; fileEncoding = 4; lastKnownFileType = sourcecode.swift; path = RankingTableVC.swift; sourceTree = "<group>"; };
		02A11BC620E2CAB6000CD92B /* TermsVC.swift */ = {isa = PBXFileReference; fileEncoding = 4; lastKnownFileType = sourcecode.swift; path = TermsVC.swift; sourceTree = "<group>"; };
		02A11BC720E2CAB6000CD92B /* RootNavigationVC.swift */ = {isa = PBXFileReference; fileEncoding = 4; lastKnownFileType = sourcecode.swift; path = RootNavigationVC.swift; sourceTree = "<group>"; };
		02A11BC820E2CAB6000CD92B /* AboutAppVC.swift */ = {isa = PBXFileReference; fileEncoding = 4; lastKnownFileType = sourcecode.swift; path = AboutAppVC.swift; sourceTree = "<group>"; };
		02A11BC920E2CAB6000CD92B /* TutorialVC.swift */ = {isa = PBXFileReference; fileEncoding = 4; lastKnownFileType = sourcecode.swift; path = TutorialVC.swift; sourceTree = "<group>"; };
		02A11BCA20E2CAB6000CD92B /* StockVC.swift */ = {isa = PBXFileReference; fileEncoding = 4; lastKnownFileType = sourcecode.swift; path = StockVC.swift; sourceTree = "<group>"; };
		02A11BCB20E2CAB6000CD92B /* MasterVC.swift */ = {isa = PBXFileReference; fileEncoding = 4; lastKnownFileType = sourcecode.swift; path = MasterVC.swift; sourceTree = "<group>"; };
		02A11BCC20E2CAB6000CD92B /* FriendPortfolioVC.swift */ = {isa = PBXFileReference; fileEncoding = 4; lastKnownFileType = sourcecode.swift; path = FriendPortfolioVC.swift; sourceTree = "<group>"; };
		02A11BCD20E2CAB6000CD92B /* SymbolSearchVC.swift */ = {isa = PBXFileReference; fileEncoding = 4; lastKnownFileType = sourcecode.swift; path = SymbolSearchVC.swift; sourceTree = "<group>"; };
		02A11BCE20E2CAB6000CD92B /* HoldersVC.swift */ = {isa = PBXFileReference; fileEncoding = 4; lastKnownFileType = sourcecode.swift; path = HoldersVC.swift; sourceTree = "<group>"; };
		02A11BCF20E2CAB6000CD92B /* ReferVC.swift */ = {isa = PBXFileReference; fileEncoding = 4; lastKnownFileType = sourcecode.swift; path = ReferVC.swift; sourceTree = "<group>"; };
		02A11BD020E2CAB6000CD92B /* BuySellVC.swift */ = {isa = PBXFileReference; fileEncoding = 4; lastKnownFileType = sourcecode.swift; path = BuySellVC.swift; sourceTree = "<group>"; };
		02A11BD120E2CAB6000CD92B /* LoginViewController.swift */ = {isa = PBXFileReference; fileEncoding = 4; lastKnownFileType = sourcecode.swift; path = LoginViewController.swift; sourceTree = "<group>"; };
		02A11BD220E2CAB6000CD92B /* StockHoldersVC.swift */ = {isa = PBXFileReference; fileEncoding = 4; lastKnownFileType = sourcecode.swift; path = StockHoldersVC.swift; sourceTree = "<group>"; };
		02A11BD320E2CAB6000CD92B /* SideBarVC.swift */ = {isa = PBXFileReference; fileEncoding = 4; lastKnownFileType = sourcecode.swift; path = SideBarVC.swift; sourceTree = "<group>"; };
		02A11BD420E2CAB6000CD92B /* ProductVC.swift */ = {isa = PBXFileReference; fileEncoding = 4; lastKnownFileType = sourcecode.swift; path = ProductVC.swift; sourceTree = "<group>"; };
		02A11BE620E2CAD5000CD92B /* MenuHeaderCell.swift */ = {isa = PBXFileReference; fileEncoding = 4; lastKnownFileType = sourcecode.swift; path = MenuHeaderCell.swift; sourceTree = "<group>"; };
		02A11BE720E2CAD5000CD92B /* PhotoCell.swift */ = {isa = PBXFileReference; fileEncoding = 4; lastKnownFileType = sourcecode.swift; path = PhotoCell.swift; sourceTree = "<group>"; };
		02A11BE820E2CAD5000CD92B /* TrxInfoCell.swift */ = {isa = PBXFileReference; fileEncoding = 4; lastKnownFileType = sourcecode.swift; path = TrxInfoCell.swift; sourceTree = "<group>"; };
		02A11BE920E2CAD5000CD92B /* ReferCell.swift */ = {isa = PBXFileReference; fileEncoding = 4; lastKnownFileType = sourcecode.swift; path = ReferCell.swift; sourceTree = "<group>"; };
		02A11BEA20E2CAD5000CD92B /* PortfolioSummaryCell.swift */ = {isa = PBXFileReference; fileEncoding = 4; lastKnownFileType = sourcecode.swift; path = PortfolioSummaryCell.swift; sourceTree = "<group>"; };
		02A11BEB20E2CAD5000CD92B /* ProductCell.swift */ = {isa = PBXFileReference; fileEncoding = 4; lastKnownFileType = sourcecode.swift; path = ProductCell.swift; sourceTree = "<group>"; };
		02A11BEC20E2CAD5000CD92B /* MenuTableViewCell.swift */ = {isa = PBXFileReference; fileEncoding = 4; lastKnownFileType = sourcecode.swift; path = MenuTableViewCell.swift; sourceTree = "<group>"; };
		02A11BED20E2CAD5000CD92B /* RankingCell.swift */ = {isa = PBXFileReference; fileEncoding = 4; lastKnownFileType = sourcecode.swift; path = RankingCell.swift; sourceTree = "<group>"; };
		02A11BEE20E2CAD5000CD92B /* TrxInputCell.swift */ = {isa = PBXFileReference; fileEncoding = 4; lastKnownFileType = sourcecode.swift; path = TrxInputCell.swift; sourceTree = "<group>"; };
		02A11BEF20E2CAD5000CD92B /* HolderCell.swift */ = {isa = PBXFileReference; fileEncoding = 4; lastKnownFileType = sourcecode.swift; path = HolderCell.swift; sourceTree = "<group>"; };
		02A11BF020E2CAD5000CD92B /* StockActionCell.swift */ = {isa = PBXFileReference; fileEncoding = 4; lastKnownFileType = sourcecode.swift; path = StockActionCell.swift; sourceTree = "<group>"; };
		02A11BF120E2CAD5000CD92B /* PortfolioCell.swift */ = {isa = PBXFileReference; fileEncoding = 4; lastKnownFileType = sourcecode.swift; path = PortfolioCell.swift; sourceTree = "<group>"; };
		02A11BF220E2CAD5000CD92B /* TrxActionCell.swift */ = {isa = PBXFileReference; fileEncoding = 4; lastKnownFileType = sourcecode.swift; path = TrxActionCell.swift; sourceTree = "<group>"; };
		02A11BF320E2CAD5000CD92B /* StockInfoCell.swift */ = {isa = PBXFileReference; fileEncoding = 4; lastKnownFileType = sourcecode.swift; path = StockInfoCell.swift; sourceTree = "<group>"; };
		02A11C0320E2CADB000CD92B /* ChartBaseViewController.h */ = {isa = PBXFileReference; fileEncoding = 4; lastKnownFileType = sourcecode.c.h; path = ChartBaseViewController.h; sourceTree = "<group>"; };
		02A11C0420E2CADB000CD92B /* LineChart1ViewController.xib */ = {isa = PBXFileReference; fileEncoding = 4; lastKnownFileType = file.xib; path = LineChart1ViewController.xib; sourceTree = "<group>"; };
		02A11C0520E2CADB000CD92B /* HalfPieChartViewController.h */ = {isa = PBXFileReference; fileEncoding = 4; lastKnownFileType = sourcecode.c.h; path = HalfPieChartViewController.h; sourceTree = "<group>"; };
		02A11C0620E2CADB000CD92B /* LineChart1ViewController.h */ = {isa = PBXFileReference; fileEncoding = 4; lastKnownFileType = sourcecode.c.h; path = LineChart1ViewController.h; sourceTree = "<group>"; };
		02A11C0720E2CADB000CD92B /* ChartBaseViewController.m */ = {isa = PBXFileReference; fileEncoding = 4; lastKnownFileType = sourcecode.c.objc; path = ChartBaseViewController.m; sourceTree = "<group>"; };
		02A11C0820E2CADB000CD92B /* HalfPieChartViewController.xib */ = {isa = PBXFileReference; fileEncoding = 4; lastKnownFileType = file.xib; path = HalfPieChartViewController.xib; sourceTree = "<group>"; };
		02A11C0920E2CADB000CD92B /* LineChart1ViewController.m */ = {isa = PBXFileReference; fileEncoding = 4; lastKnownFileType = sourcecode.c.objc; path = LineChart1ViewController.m; sourceTree = "<group>"; };
		02A11C0A20E2CADB000CD92B /* HalfPieChartViewController.m */ = {isa = PBXFileReference; fileEncoding = 4; lastKnownFileType = sourcecode.c.objc; path = HalfPieChartViewController.m; sourceTree = "<group>"; };
		02A11C1020E2CB19000CD92B /* Icons.xcassets */ = {isa = PBXFileReference; lastKnownFileType = folder.assetcatalog; path = Icons.xcassets; sourceTree = "<group>"; };
		02A11C1220E2CB49000CD92B /* GoogleService-Info.plist */ = {isa = PBXFileReference; fileEncoding = 4; lastKnownFileType = text.plist.xml; path = "GoogleService-Info.plist"; sourceTree = "<group>"; };
		02A11C1420E2CB55000CD92B /* symbols.plist */ = {isa = PBXFileReference; fileEncoding = 4; lastKnownFileType = text.plist.xml; path = symbols.plist; sourceTree = "<group>"; };
		02A11C1D20E2CC2A000CD92B /* en */ = {isa = PBXFileReference; lastKnownFileType = text.plist.strings; name = en; path = SocialTrader/en.lproj/Localizable.strings; sourceTree = "<group>"; };
		02A11C1F20E2CC38000CD92B /* Base */ = {isa = PBXFileReference; lastKnownFileType = text.plist.strings; name = Base; path = SocialTrader/Base.lproj/Localizable.strings; sourceTree = "<group>"; };
		02F7805F20E343FF00C2990E /* SocialTrader copy-Info.plist */ = {isa = PBXFileReference; lastKnownFileType = text.plist.xml; name = "SocialTrader copy-Info.plist"; path = "/Users/mehran/Developer/Swift Projcts/SocialTrader/SocialTrader copy-Info.plist"; sourceTree = "<absolute>"; };
		02F780B220E3453A00C2990E /* SocialTrader-Dev copy-Info.plist */ = {isa = PBXFileReference; lastKnownFileType = text.plist.xml; name = "SocialTrader-Dev copy-Info.plist"; path = "/Users/mehran/Developer/Swift Projcts/SocialTrader/SocialTrader-Dev copy-Info.plist"; sourceTree = "<absolute>"; };
		35263898D41FBEE74D587D0E /* Pods-SocialTraderTests.debug.xcconfig */ = {isa = PBXFileReference; includeInIndex = 1; lastKnownFileType = text.xcconfig; name = "Pods-SocialTraderTests.debug.xcconfig"; path = "Pods/Target Support Files/Pods-SocialTraderTests/Pods-SocialTraderTests.debug.xcconfig"; sourceTree = "<group>"; };
		4F2C9D9D87B2C0CB25C89523 /* Pods-SocialTraderTests.release.xcconfig */ = {isa = PBXFileReference; includeInIndex = 1; lastKnownFileType = text.xcconfig; name = "Pods-SocialTraderTests.release.xcconfig"; path = "Pods/Target Support Files/Pods-SocialTraderTests/Pods-SocialTraderTests.release.xcconfig"; sourceTree = "<group>"; };
		5BEFBF3C7694BD518FD11F20 /* Pods-SocialTraderUITests.debug.xcconfig */ = {isa = PBXFileReference; includeInIndex = 1; lastKnownFileType = text.xcconfig; name = "Pods-SocialTraderUITests.debug.xcconfig"; path = "Pods/Target Support Files/Pods-SocialTraderUITests/Pods-SocialTraderUITests.debug.xcconfig"; sourceTree = "<group>"; };
		B5AB86E585821A2B409A42E4 /* Pods-SocialTrader.debug.xcconfig */ = {isa = PBXFileReference; includeInIndex = 1; lastKnownFileType = text.xcconfig; name = "Pods-SocialTrader.debug.xcconfig"; path = "Pods/Target Support Files/Pods-SocialTrader/Pods-SocialTrader.debug.xcconfig"; sourceTree = "<group>"; };
		D832B1C23C36D8BBA31187A6 /* Pods-SocialTrader.release.xcconfig */ = {isa = PBXFileReference; includeInIndex = 1; lastKnownFileType = text.xcconfig; name = "Pods-SocialTrader.release.xcconfig"; path = "Pods/Target Support Files/Pods-SocialTrader/Pods-SocialTrader.release.xcconfig"; sourceTree = "<group>"; };
		EC14281068162323FA02D181 /* Pods-SocialTraderUITests.release.xcconfig */ = {isa = PBXFileReference; includeInIndex = 1; lastKnownFileType = text.xcconfig; name = "Pods-SocialTraderUITests.release.xcconfig"; path = "Pods/Target Support Files/Pods-SocialTraderUITests/Pods-SocialTraderUITests.release.xcconfig"; sourceTree = "<group>"; };
/* End PBXFileReference section */

/* Begin PBXFrameworksBuildPhase section */
		02A11B5520E2A242000CD92B /* Frameworks */ = {
			isa = PBXFrameworksBuildPhase;
			buildActionMask = 2147483647;
			files = (
				02732AA920E2EE41004EA149 /* Alamofire.framework in Frameworks */,
				02732AAB20E2EE41004EA149 /* Bolts.framework in Frameworks */,
				02732AAD20E2EE41004EA149 /* FBSDKCoreKit.framework in Frameworks */,
				02732AAF20E2EE41004EA149 /* FBSDKLoginKit.framework in Frameworks */,
				02732AB120E2EE41004EA149 /* FBSDKShareKit.framework in Frameworks */,
				02732AB320E2EE41004EA149 /* GoogleToolboxForMac.framework in Frameworks */,
				02732AB520E2EE41004EA149 /* nanopb.framework in Frameworks */,
				02732AB720E2EE41004EA149 /* Pods_SocialTraderTests.framework in Frameworks */,
				02732AB920E2EE41004EA149 /* Pods_SocialTraderUITests.framework in Frameworks */,
				02732ABB20E2EE41004EA149 /* SideMenu.framework in Frameworks */,
				02732ABD20E2EE41004EA149 /* SwiftyJSON.framework in Frameworks */,
				02732AA720E2ECEC004EA149 /* Charts.framework in Frameworks */,
				02732AA520E2EC80004EA149 /* Pods_SocialTrader.framework in Frameworks */,
			);
			runOnlyForDeploymentPostprocessing = 0;
		};
		02A11B6920E2A245000CD92B /* Frameworks */ = {
			isa = PBXFrameworksBuildPhase;
			buildActionMask = 2147483647;
			files = (
				3EF7BA56E63D7D8F53F14088 /* Pods_SocialTraderTests.framework in Frameworks */,
			);
			runOnlyForDeploymentPostprocessing = 0;
		};
		02A11B7420E2A245000CD92B /* Frameworks */ = {
			isa = PBXFrameworksBuildPhase;
			buildActionMask = 2147483647;
			files = (
				D8295E3A54F5B6AE84DDF1BE /* Pods_SocialTraderUITests.framework in Frameworks */,
			);
			runOnlyForDeploymentPostprocessing = 0;
		};
/* End PBXFrameworksBuildPhase section */

/* Begin PBXGroup section */
		02732AA320E2EC80004EA149 /* Frameworks */ = {
			isa = PBXGroup;
			children = (
				02732AA820E2EE41004EA149 /* Alamofire.framework */,
				02732AAA20E2EE41004EA149 /* Bolts.framework */,
				02732AAC20E2EE41004EA149 /* FBSDKCoreKit.framework */,
				02732AAE20E2EE41004EA149 /* FBSDKLoginKit.framework */,
				02732AB020E2EE41004EA149 /* FBSDKShareKit.framework */,
				02732AB220E2EE41004EA149 /* GoogleToolboxForMac.framework */,
				02732AB420E2EE41004EA149 /* nanopb.framework */,
				02732AB620E2EE41004EA149 /* Pods_SocialTraderTests.framework */,
				02732AB820E2EE41004EA149 /* Pods_SocialTraderUITests.framework */,
				02732ABA20E2EE41004EA149 /* SideMenu.framework */,
				02732ABC20E2EE41004EA149 /* SwiftyJSON.framework */,
				02732AA620E2ECEC004EA149 /* Charts.framework */,
				02732AA420E2EC80004EA149 /* Pods_SocialTrader.framework */,
			);
			name = Frameworks;
			sourceTree = "<group>";
		};
		02A11B4F20E2A242000CD92B = {
			isa = PBXGroup;
			children = (
				02A11C1C20E2CC2A000CD92B /* Localizable.strings */,
				02A11C1020E2CB19000CD92B /* Icons.xcassets */,
				02A11B6220E2A245000CD92B /* Assets.xcassets */,
				02A11C1420E2CB55000CD92B /* symbols.plist */,
				02A11C1220E2CB49000CD92B /* GoogleService-Info.plist */,
				02A11B5A20E2A242000CD92B /* SocialTrader */,
				02A11B6F20E2A245000CD92B /* SocialTraderTests */,
				02A11B7A20E2A245000CD92B /* SocialTraderUITests */,
				02A11B5920E2A242000CD92B /* Products */,
				2F6A78CAAC3F3466727CAC5F /* Pods */,
				02732AA320E2EC80004EA149 /* Frameworks */,
				02732B1620E330CD004EA149 /* SocialTrader copy-Info.plist */,
				02732B6920E330DB004EA149 /* SocialTrader-Dev copy-Info.plist */,
				02F7805F20E343FF00C2990E /* SocialTrader copy-Info.plist */,
				02F780B220E3453A00C2990E /* SocialTrader-Dev copy-Info.plist */,
			);
			sourceTree = "<group>";
		};
		02A11B5920E2A242000CD92B /* Products */ = {
			isa = PBXGroup;
			children = (
				02A11B5820E2A242000CD92B /* SocialTrader.app */,
				02A11B6C20E2A245000CD92B /* SocialTraderTests.xctest */,
				02A11B7720E2A245000CD92B /* SocialTraderUITests.xctest */,
			);
			name = Products;
			sourceTree = "<group>";
		};
		02A11B5A20E2A242000CD92B /* SocialTrader */ = {
			isa = PBXGroup;
			children = (
				02A11B9F20E2C957000CD92B /* SocialTrader-Bridging-Header.h */,
				02A11B6720E2A245000CD92B /* Info.plist */,
				02A11BA220E2C9C8000CD92B /* Main.storyboard */,
				02A11BA020E2C9C8000CD92B /* LaunchScreen.storyboard */,
				02A11BA620E2CA5E000CD92B /* Constants.swift */,
				02A11B5B20E2A242000CD92B /* AppDelegate.swift */,
				02A11C0220E2CADB000CD92B /* ChartsExtension */,
				02A11BE520E2CAD5000CD92B /* Cells */,
				02A11BC420E2CAB6000CD92B /* ViewControllers */,
				02A11BA820E2CAAC000CD92B /* Model */,
			);
			path = SocialTrader;
			sourceTree = "<group>";
		};
		02A11B6F20E2A245000CD92B /* SocialTraderTests */ = {
			isa = PBXGroup;
			children = (
				02A11B7020E2A245000CD92B /* SocialTraderTests.swift */,
				02A11B7220E2A245000CD92B /* Info.plist */,
			);
			path = SocialTraderTests;
			sourceTree = "<group>";
		};
		02A11B7A20E2A245000CD92B /* SocialTraderUITests */ = {
			isa = PBXGroup;
			children = (
				02A11B7B20E2A245000CD92B /* SocialTraderUITests.swift */,
				02A11B7D20E2A245000CD92B /* Info.plist */,
			);
			path = SocialTraderUITests;
			sourceTree = "<group>";
		};
		02A11BA820E2CAAC000CD92B /* Model */ = {
			isa = PBXGroup;
			children = (
				02A11BA920E2CAAC000CD92B /* Holders.swift */,
				02A11BAA20E2CAAC000CD92B /* Quote.swift */,
				02A11BAB20E2CAAC000CD92B /* User.swift */,
				02A11BAC20E2CAAC000CD92B /* Portfolio.swift */,
				02A11BAD20E2CAAC000CD92B /* Holder.swift */,
				02A11BAE20E2CAAC000CD92B /* Facebook */,
				02A11BB020E2CAAC000CD92B /* GainHistoryItem.swift */,
				02A11BB120E2CAAC000CD92B /* Ranking.swift */,
				02A11BB220E2CAAC000CD92B /* Transaction.swift */,
				02A11BB320E2CAAC000CD92B /* GainHistoryFilter.swift */,
				02A11BB420E2CAAC000CD92B /* Market.swift */,
				02A11BB520E2CAAC000CD92B /* Position.swift */,
				02A11BB620E2CAAC000CD92B /* Symbol.swift */,
			);
			path = Model;
			sourceTree = "<group>";
		};
		02A11BAE20E2CAAC000CD92B /* Facebook */ = {
			isa = PBXGroup;
			children = (
				02A11BAF20E2CAAC000CD92B /* FbDataManager.swift */,
			);
			path = Facebook;
			sourceTree = "<group>";
		};
		02A11BC420E2CAB6000CD92B /* ViewControllers */ = {
			isa = PBXGroup;
			children = (
				02A11BC520E2CAB6000CD92B /* RankingTableVC.swift */,
				02A11BC620E2CAB6000CD92B /* TermsVC.swift */,
				02A11BC720E2CAB6000CD92B /* RootNavigationVC.swift */,
				02A11BC820E2CAB6000CD92B /* AboutAppVC.swift */,
				02A11BC920E2CAB6000CD92B /* TutorialVC.swift */,
				02A11BCA20E2CAB6000CD92B /* StockVC.swift */,
				02A11BCB20E2CAB6000CD92B /* MasterVC.swift */,
				02A11BCC20E2CAB6000CD92B /* FriendPortfolioVC.swift */,
				02A11BCD20E2CAB6000CD92B /* SymbolSearchVC.swift */,
				02A11BCE20E2CAB6000CD92B /* HoldersVC.swift */,
				02A11BCF20E2CAB6000CD92B /* ReferVC.swift */,
				02A11BD020E2CAB6000CD92B /* BuySellVC.swift */,
				02A11BD120E2CAB6000CD92B /* LoginViewController.swift */,
				02A11BD220E2CAB6000CD92B /* StockHoldersVC.swift */,
				02A11BD320E2CAB6000CD92B /* SideBarVC.swift */,
				02A11BD420E2CAB6000CD92B /* ProductVC.swift */,
			);
			path = ViewControllers;
			sourceTree = "<group>";
		};
		02A11BE520E2CAD5000CD92B /* Cells */ = {
			isa = PBXGroup;
			children = (
				02A11BE620E2CAD5000CD92B /* MenuHeaderCell.swift */,
				02A11BE720E2CAD5000CD92B /* PhotoCell.swift */,
				02A11BE820E2CAD5000CD92B /* TrxInfoCell.swift */,
				02A11BE920E2CAD5000CD92B /* ReferCell.swift */,
				02A11BEA20E2CAD5000CD92B /* PortfolioSummaryCell.swift */,
				02A11BEB20E2CAD5000CD92B /* ProductCell.swift */,
				02A11BEC20E2CAD5000CD92B /* MenuTableViewCell.swift */,
				02A11BED20E2CAD5000CD92B /* RankingCell.swift */,
				02A11BEE20E2CAD5000CD92B /* TrxInputCell.swift */,
				02A11BEF20E2CAD5000CD92B /* HolderCell.swift */,
				02A11BF020E2CAD5000CD92B /* StockActionCell.swift */,
				02A11BF120E2CAD5000CD92B /* PortfolioCell.swift */,
				02A11BF220E2CAD5000CD92B /* TrxActionCell.swift */,
				02A11BF320E2CAD5000CD92B /* StockInfoCell.swift */,
			);
			path = Cells;
			sourceTree = "<group>";
		};
		02A11C0220E2CADB000CD92B /* ChartsExtension */ = {
			isa = PBXGroup;
			children = (
				02A11C0320E2CADB000CD92B /* ChartBaseViewController.h */,
				02A11C0420E2CADB000CD92B /* LineChart1ViewController.xib */,
				02A11C0520E2CADB000CD92B /* HalfPieChartViewController.h */,
				02A11C0620E2CADB000CD92B /* LineChart1ViewController.h */,
				02A11C0720E2CADB000CD92B /* ChartBaseViewController.m */,
				02A11C0820E2CADB000CD92B /* HalfPieChartViewController.xib */,
				02A11C0920E2CADB000CD92B /* LineChart1ViewController.m */,
				02A11C0A20E2CADB000CD92B /* HalfPieChartViewController.m */,
			);
			path = ChartsExtension;
			sourceTree = "<group>";
		};
		2F6A78CAAC3F3466727CAC5F /* Pods */ = {
			isa = PBXGroup;
			children = (
				B5AB86E585821A2B409A42E4 /* Pods-SocialTrader.debug.xcconfig */,
				D832B1C23C36D8BBA31187A6 /* Pods-SocialTrader.release.xcconfig */,
				35263898D41FBEE74D587D0E /* Pods-SocialTraderTests.debug.xcconfig */,
				4F2C9D9D87B2C0CB25C89523 /* Pods-SocialTraderTests.release.xcconfig */,
				5BEFBF3C7694BD518FD11F20 /* Pods-SocialTraderUITests.debug.xcconfig */,
				EC14281068162323FA02D181 /* Pods-SocialTraderUITests.release.xcconfig */,
			);
			name = Pods;
			sourceTree = "<group>";
		};
/* End PBXGroup section */

/* Begin PBXNativeTarget section */
		02A11B5720E2A242000CD92B /* SocialTrader */ = {
			isa = PBXNativeTarget;
			buildConfigurationList = 02A11B8020E2A245000CD92B /* Build configuration list for PBXNativeTarget "SocialTrader" */;
			buildPhases = (
				75533132D632053214048373 /* [CP] Check Pods Manifest.lock */,
				02A11B5420E2A242000CD92B /* Sources */,
				02A11B5520E2A242000CD92B /* Frameworks */,
				02A11B5620E2A242000CD92B /* Resources */,
				02732AC320E2F013004EA149 /* [CP] Embed Pods Frameworks */,
				02732AC120E2EECA004EA149 /* Embed Frameworks */,
			);
			buildRules = (
			);
			dependencies = (
			);
			name = SocialTrader;
			productName = SocialTrader;
			productReference = 02A11B5820E2A242000CD92B /* SocialTrader.app */;
			productType = "com.apple.product-type.application";
		};
		02A11B6B20E2A245000CD92B /* SocialTraderTests */ = {
			isa = PBXNativeTarget;
			buildConfigurationList = 02A11B8320E2A245000CD92B /* Build configuration list for PBXNativeTarget "SocialTraderTests" */;
			buildPhases = (
				6E10A44DD82282F7D6A8E359 /* [CP] Check Pods Manifest.lock */,
				02A11B6820E2A245000CD92B /* Sources */,
				02A11B6920E2A245000CD92B /* Frameworks */,
				02A11B6A20E2A245000CD92B /* Resources */,
			);
			buildRules = (
			);
			dependencies = (
				02A11B6E20E2A245000CD92B /* PBXTargetDependency */,
			);
			name = SocialTraderTests;
			productName = SocialTraderTests;
			productReference = 02A11B6C20E2A245000CD92B /* SocialTraderTests.xctest */;
			productType = "com.apple.product-type.bundle.unit-test";
		};
		02A11B7620E2A245000CD92B /* SocialTraderUITests */ = {
			isa = PBXNativeTarget;
			buildConfigurationList = 02A11B8620E2A245000CD92B /* Build configuration list for PBXNativeTarget "SocialTraderUITests" */;
			buildPhases = (
				8D41E269CAF7F0904C799A73 /* [CP] Check Pods Manifest.lock */,
				02A11B7320E2A245000CD92B /* Sources */,
				02A11B7420E2A245000CD92B /* Frameworks */,
				02A11B7520E2A245000CD92B /* Resources */,
			);
			buildRules = (
			);
			dependencies = (
				02A11B7920E2A245000CD92B /* PBXTargetDependency */,
			);
			name = SocialTraderUITests;
			productName = SocialTraderUITests;
			productReference = 02A11B7720E2A245000CD92B /* SocialTraderUITests.xctest */;
			productType = "com.apple.product-type.bundle.ui-testing";
		};
/* End PBXNativeTarget section */

/* Begin PBXProject section */
		02A11B5020E2A242000CD92B /* Project object */ = {
			isa = PBXProject;
			attributes = {
				LastSwiftUpdateCheck = 0940;
				LastUpgradeCheck = 0940;
				ORGANIZATIONNAME = Ron;
				TargetAttributes = {
					02A11B5720E2A242000CD92B = {
						CreatedOnToolsVersion = 9.4.1;
					};
					02A11B6B20E2A245000CD92B = {
						CreatedOnToolsVersion = 9.4.1;
						TestTargetID = 02A11B5720E2A242000CD92B;
					};
					02A11B7620E2A245000CD92B = {
						CreatedOnToolsVersion = 9.4.1;
						TestTargetID = 02A11B5720E2A242000CD92B;
					};
				};
			};
			buildConfigurationList = 02A11B5320E2A242000CD92B /* Build configuration list for PBXProject "SocialTrader" */;
			compatibilityVersion = "Xcode 9.3";
			developmentRegion = en;
			hasScannedForEncodings = 0;
			knownRegions = (
				en,
				Base,
			);
			mainGroup = 02A11B4F20E2A242000CD92B;
			productRefGroup = 02A11B5920E2A242000CD92B /* Products */;
			projectDirPath = "";
			projectRoot = "";
			targets = (
				02A11B5720E2A242000CD92B /* SocialTrader */,
				02A11B6B20E2A245000CD92B /* SocialTraderTests */,
				02A11B7620E2A245000CD92B /* SocialTraderUITests */,
			);
		};
/* End PBXProject section */

/* Begin PBXResourcesBuildPhase section */
		02A11B5620E2A242000CD92B /* Resources */ = {
			isa = PBXResourcesBuildPhase;
			buildActionMask = 2147483647;
			files = (
				02A11C1520E2CB55000CD92B /* symbols.plist in Resources */,
				02A11BA520E2C9C8000CD92B /* Main.storyboard in Resources */,
				02A11B6320E2A245000CD92B /* Assets.xcassets in Resources */,
				02A11BA420E2C9C8000CD92B /* LaunchScreen.storyboard in Resources */,
				02A11C1E20E2CC2B000CD92B /* Localizable.strings in Resources */,
				02A11C0D20E2CADB000CD92B /* HalfPieChartViewController.xib in Resources */,
				02A11C1120E2CB19000CD92B /* Icons.xcassets in Resources */,
				02A11C0B20E2CADB000CD92B /* LineChart1ViewController.xib in Resources */,
				02A11C1320E2CB49000CD92B /* GoogleService-Info.plist in Resources */,
			);
			runOnlyForDeploymentPostprocessing = 0;
		};
		02A11B6A20E2A245000CD92B /* Resources */ = {
			isa = PBXResourcesBuildPhase;
			buildActionMask = 2147483647;
			files = (
			);
			runOnlyForDeploymentPostprocessing = 0;
		};
		02A11B7520E2A245000CD92B /* Resources */ = {
			isa = PBXResourcesBuildPhase;
			buildActionMask = 2147483647;
			files = (
			);
			runOnlyForDeploymentPostprocessing = 0;
		};
/* End PBXResourcesBuildPhase section */

/* Begin PBXShellScriptBuildPhase section */
		02732AC320E2F013004EA149 /* [CP] Embed Pods Frameworks */ = {
			isa = PBXShellScriptBuildPhase;
			buildActionMask = 2147483647;
			files = (
			);
			inputPaths = (
				"${SRCROOT}/Pods/Target Support Files/Pods-SocialTrader/Pods-SocialTrader-frameworks.sh",
				"${BUILT_PRODUCTS_DIR}/Alamofire/Alamofire.framework",
				"${BUILT_PRODUCTS_DIR}/Bolts/Bolts.framework",
				"${BUILT_PRODUCTS_DIR}/Charts/Charts.framework",
				"${BUILT_PRODUCTS_DIR}/FBSDKCoreKit/FBSDKCoreKit.framework",
				"${BUILT_PRODUCTS_DIR}/FBSDKLoginKit/FBSDKLoginKit.framework",
				"${BUILT_PRODUCTS_DIR}/FBSDKShareKit/FBSDKShareKit.framework",
				"${BUILT_PRODUCTS_DIR}/GoogleToolboxForMac/GoogleToolboxForMac.framework",
				"${BUILT_PRODUCTS_DIR}/SideMenu/SideMenu.framework",
				"${BUILT_PRODUCTS_DIR}/SwiftyJSON/SwiftyJSON.framework",
				"${BUILT_PRODUCTS_DIR}/nanopb/nanopb.framework",
			);
			name = "[CP] Embed Pods Frameworks";
			outputPaths = (
				"${TARGET_BUILD_DIR}/${FRAMEWORKS_FOLDER_PATH}/Alamofire.framework",
				"${TARGET_BUILD_DIR}/${FRAMEWORKS_FOLDER_PATH}/Bolts.framework",
				"${TARGET_BUILD_DIR}/${FRAMEWORKS_FOLDER_PATH}/Charts.framework",
				"${TARGET_BUILD_DIR}/${FRAMEWORKS_FOLDER_PATH}/FBSDKCoreKit.framework",
				"${TARGET_BUILD_DIR}/${FRAMEWORKS_FOLDER_PATH}/FBSDKLoginKit.framework",
				"${TARGET_BUILD_DIR}/${FRAMEWORKS_FOLDER_PATH}/FBSDKShareKit.framework",
				"${TARGET_BUILD_DIR}/${FRAMEWORKS_FOLDER_PATH}/GoogleToolboxForMac.framework",
				"${TARGET_BUILD_DIR}/${FRAMEWORKS_FOLDER_PATH}/SideMenu.framework",
				"${TARGET_BUILD_DIR}/${FRAMEWORKS_FOLDER_PATH}/SwiftyJSON.framework",
				"${TARGET_BUILD_DIR}/${FRAMEWORKS_FOLDER_PATH}/nanopb.framework",
			);
			runOnlyForDeploymentPostprocessing = 0;
			shellPath = /bin/sh;
			shellScript = "\"${SRCROOT}/Pods/Target Support Files/Pods-SocialTrader/Pods-SocialTrader-frameworks.sh\"\n";
			showEnvVarsInLog = 0;
		};
		6E10A44DD82282F7D6A8E359 /* [CP] Check Pods Manifest.lock */ = {
			isa = PBXShellScriptBuildPhase;
			buildActionMask = 2147483647;
			files = (
			);
			inputPaths = (
				"${PODS_PODFILE_DIR_PATH}/Podfile.lock",
				"${PODS_ROOT}/Manifest.lock",
			);
			name = "[CP] Check Pods Manifest.lock";
			outputPaths = (
				"$(DERIVED_FILE_DIR)/Pods-SocialTraderTests-checkManifestLockResult.txt",
			);
			runOnlyForDeploymentPostprocessing = 0;
			shellPath = /bin/sh;
			shellScript = "diff \"${PODS_PODFILE_DIR_PATH}/Podfile.lock\" \"${PODS_ROOT}/Manifest.lock\" > /dev/null\nif [ $? != 0 ] ; then\n    # print error to STDERR\n    echo \"error: The sandbox is not in sync with the Podfile.lock. Run 'pod install' or update your CocoaPods installation.\" >&2\n    exit 1\nfi\n# This output is used by Xcode 'outputs' to avoid re-running this script phase.\necho \"SUCCESS\" > \"${SCRIPT_OUTPUT_FILE_0}\"\n";
			showEnvVarsInLog = 0;
		};
		75533132D632053214048373 /* [CP] Check Pods Manifest.lock */ = {
			isa = PBXShellScriptBuildPhase;
			buildActionMask = 2147483647;
			files = (
			);
			inputPaths = (
				"${PODS_PODFILE_DIR_PATH}/Podfile.lock",
				"${PODS_ROOT}/Manifest.lock",
			);
			name = "[CP] Check Pods Manifest.lock";
			outputPaths = (
				"$(DERIVED_FILE_DIR)/Pods-SocialTrader-checkManifestLockResult.txt",
			);
			runOnlyForDeploymentPostprocessing = 0;
			shellPath = /bin/sh;
			shellScript = "diff \"${PODS_PODFILE_DIR_PATH}/Podfile.lock\" \"${PODS_ROOT}/Manifest.lock\" > /dev/null\nif [ $? != 0 ] ; then\n    # print error to STDERR\n    echo \"error: The sandbox is not in sync with the Podfile.lock. Run 'pod install' or update your CocoaPods installation.\" >&2\n    exit 1\nfi\n# This output is used by Xcode 'outputs' to avoid re-running this script phase.\necho \"SUCCESS\" > \"${SCRIPT_OUTPUT_FILE_0}\"\n";
			showEnvVarsInLog = 0;
		};
		8D41E269CAF7F0904C799A73 /* [CP] Check Pods Manifest.lock */ = {
			isa = PBXShellScriptBuildPhase;
			buildActionMask = 2147483647;
			files = (
			);
			inputPaths = (
				"${PODS_PODFILE_DIR_PATH}/Podfile.lock",
				"${PODS_ROOT}/Manifest.lock",
			);
			name = "[CP] Check Pods Manifest.lock";
			outputPaths = (
				"$(DERIVED_FILE_DIR)/Pods-SocialTraderUITests-checkManifestLockResult.txt",
			);
			runOnlyForDeploymentPostprocessing = 0;
			shellPath = /bin/sh;
			shellScript = "diff \"${PODS_PODFILE_DIR_PATH}/Podfile.lock\" \"${PODS_ROOT}/Manifest.lock\" > /dev/null\nif [ $? != 0 ] ; then\n    # print error to STDERR\n    echo \"error: The sandbox is not in sync with the Podfile.lock. Run 'pod install' or update your CocoaPods installation.\" >&2\n    exit 1\nfi\n# This output is used by Xcode 'outputs' to avoid re-running this script phase.\necho \"SUCCESS\" > \"${SCRIPT_OUTPUT_FILE_0}\"\n";
			showEnvVarsInLog = 0;
		};
/* End PBXShellScriptBuildPhase section */

/* Begin PBXSourcesBuildPhase section */
		02A11B5420E2A242000CD92B /* Sources */ = {
			isa = PBXSourcesBuildPhase;
			buildActionMask = 2147483647;
			files = (
				02A11BE120E2CAB6000CD92B /* LoginViewController.swift in Sources */,
				02A11C0F20E2CADB000CD92B /* HalfPieChartViewController.m in Sources */,
				02A11BE220E2CAB6000CD92B /* StockHoldersVC.swift in Sources */,
				02A11BFB20E2CAD6000CD92B /* RankingCell.swift in Sources */,
				02A11BFC20E2CAD6000CD92B /* TrxInputCell.swift in Sources */,
				02A11BC220E2CAAD000CD92B /* Position.swift in Sources */,
				02A11BBF20E2CAAD000CD92B /* Transaction.swift in Sources */,
				02A11BF920E2CAD5000CD92B /* ProductCell.swift in Sources */,
				02A11BF720E2CAD5000CD92B /* ReferCell.swift in Sources */,
				02A11BC120E2CAAD000CD92B /* Market.swift in Sources */,
				02A11BE320E2CAB6000CD92B /* SideBarVC.swift in Sources */,
				02A11BBA20E2CAAC000CD92B /* Portfolio.swift in Sources */,
				02A11BDD20E2CAB6000CD92B /* SymbolSearchVC.swift in Sources */,
				02A11BF820E2CAD5000CD92B /* PortfolioSummaryCell.swift in Sources */,
				02A11C0E20E2CADB000CD92B /* LineChart1ViewController.m in Sources */,
				02A11BE020E2CAB6000CD92B /* BuySellVC.swift in Sources */,
				02A11BFA20E2CAD6000CD92B /* MenuTableViewCell.swift in Sources */,
				02A11BD820E2CAB6000CD92B /* AboutAppVC.swift in Sources */,
				02A11BB820E2CAAC000CD92B /* Quote.swift in Sources */,
				02A11BDE20E2CAB6000CD92B /* HoldersVC.swift in Sources */,
				02A11C0120E2CAD6000CD92B /* StockInfoCell.swift in Sources */,
				02A11BDC20E2CAB6000CD92B /* FriendPortfolioVC.swift in Sources */,
				02A11BF420E2CAD5000CD92B /* MenuHeaderCell.swift in Sources */,
				02A11BDF20E2CAB6000CD92B /* ReferVC.swift in Sources */,
				02A11B5C20E2A242000CD92B /* AppDelegate.swift in Sources */,
				02A11C0020E2CAD6000CD92B /* TrxActionCell.swift in Sources */,
				02A11BD720E2CAB6000CD92B /* RootNavigationVC.swift in Sources */,
				02A11BD920E2CAB6000CD92B /* TutorialVC.swift in Sources */,
				02A11BBC20E2CAAC000CD92B /* FbDataManager.swift in Sources */,
				02A11BD620E2CAB6000CD92B /* TermsVC.swift in Sources */,
				02A11BBE20E2CAAD000CD92B /* Ranking.swift in Sources */,
				02A11BB720E2CAAC000CD92B /* Holders.swift in Sources */,
				02A11BFE20E2CAD6000CD92B /* StockActionCell.swift in Sources */,
				02A11BB920E2CAAC000CD92B /* User.swift in Sources */,
				02A11BD520E2CAB6000CD92B /* RankingTableVC.swift in Sources */,
				02A11BF620E2CAD5000CD92B /* TrxInfoCell.swift in Sources */,
				02A11BDA20E2CAB6000CD92B /* StockVC.swift in Sources */,
				02A11BA720E2CA5E000CD92B /* Constants.swift in Sources */,
				02A11BFF20E2CAD6000CD92B /* PortfolioCell.swift in Sources */,
				02A11BE420E2CAB6000CD92B /* ProductVC.swift in Sources */,
				02A11BC320E2CAAD000CD92B /* Symbol.swift in Sources */,
				02A11BC020E2CAAD000CD92B /* GainHistoryFilter.swift in Sources */,
				02A11BBD20E2CAAD000CD92B /* GainHistoryItem.swift in Sources */,
				02A11BDB20E2CAB6000CD92B /* MasterVC.swift in Sources */,
				02A11C0C20E2CADB000CD92B /* ChartBaseViewController.m in Sources */,
				02A11BFD20E2CAD6000CD92B /* HolderCell.swift in Sources */,
				02A11BF520E2CAD5000CD92B /* PhotoCell.swift in Sources */,
				02A11BBB20E2CAAC000CD92B /* Holder.swift in Sources */,
			);
			runOnlyForDeploymentPostprocessing = 0;
		};
		02A11B6820E2A245000CD92B /* Sources */ = {
			isa = PBXSourcesBuildPhase;
			buildActionMask = 2147483647;
			files = (
				02A11B7120E2A245000CD92B /* SocialTraderTests.swift in Sources */,
			);
			runOnlyForDeploymentPostprocessing = 0;
		};
		02A11B7320E2A245000CD92B /* Sources */ = {
			isa = PBXSourcesBuildPhase;
			buildActionMask = 2147483647;
			files = (
				02A11B7C20E2A245000CD92B /* SocialTraderUITests.swift in Sources */,
			);
			runOnlyForDeploymentPostprocessing = 0;
		};
/* End PBXSourcesBuildPhase section */

/* Begin PBXTargetDependency section */
		02A11B6E20E2A245000CD92B /* PBXTargetDependency */ = {
			isa = PBXTargetDependency;
			target = 02A11B5720E2A242000CD92B /* SocialTrader */;
			targetProxy = 02A11B6D20E2A245000CD92B /* PBXContainerItemProxy */;
		};
		02A11B7920E2A245000CD92B /* PBXTargetDependency */ = {
			isa = PBXTargetDependency;
			target = 02A11B5720E2A242000CD92B /* SocialTrader */;
			targetProxy = 02A11B7820E2A245000CD92B /* PBXContainerItemProxy */;
		};
/* End PBXTargetDependency section */

/* Begin PBXVariantGroup section */
		02A11BA020E2C9C8000CD92B /* LaunchScreen.storyboard */ = {
			isa = PBXVariantGroup;
			children = (
				02A11BA120E2C9C8000CD92B /* Base */,
			);
			name = LaunchScreen.storyboard;
			sourceTree = "<group>";
		};
		02A11BA220E2C9C8000CD92B /* Main.storyboard */ = {
			isa = PBXVariantGroup;
			children = (
				02A11BA320E2C9C8000CD92B /* Base */,
			);
			name = Main.storyboard;
			sourceTree = "<group>";
		};
		02A11C1C20E2CC2A000CD92B /* Localizable.strings */ = {
			isa = PBXVariantGroup;
			children = (
				02A11C1D20E2CC2A000CD92B /* en */,
				02A11C1F20E2CC38000CD92B /* Base */,
			);
			name = Localizable.strings;
			sourceTree = "<group>";
		};
/* End PBXVariantGroup section */

/* Begin XCBuildConfiguration section */
		02A11B7E20E2A245000CD92B /* Debug */ = {
			isa = XCBuildConfiguration;
			buildSettings = {
				ALWAYS_SEARCH_USER_PATHS = NO;
				CLANG_ANALYZER_NONNULL = YES;
				CLANG_ANALYZER_NUMBER_OBJECT_CONVERSION = YES_AGGRESSIVE;
				CLANG_CXX_LANGUAGE_STANDARD = "gnu++14";
				CLANG_CXX_LIBRARY = "libc++";
				CLANG_ENABLE_MODULES = YES;
				CLANG_ENABLE_OBJC_ARC = YES;
				CLANG_ENABLE_OBJC_WEAK = YES;
				CLANG_WARN_BLOCK_CAPTURE_AUTORELEASING = YES;
				CLANG_WARN_BOOL_CONVERSION = YES;
				CLANG_WARN_COMMA = YES;
				CLANG_WARN_CONSTANT_CONVERSION = YES;
				CLANG_WARN_DEPRECATED_OBJC_IMPLEMENTATIONS = YES;
				CLANG_WARN_DIRECT_OBJC_ISA_USAGE = YES_ERROR;
				CLANG_WARN_DOCUMENTATION_COMMENTS = YES;
				CLANG_WARN_EMPTY_BODY = YES;
				CLANG_WARN_ENUM_CONVERSION = YES;
				CLANG_WARN_INFINITE_RECURSION = YES;
				CLANG_WARN_INT_CONVERSION = YES;
				CLANG_WARN_NON_LITERAL_NULL_CONVERSION = YES;
				CLANG_WARN_OBJC_IMPLICIT_RETAIN_SELF = YES;
				CLANG_WARN_OBJC_LITERAL_CONVERSION = YES;
				CLANG_WARN_OBJC_ROOT_CLASS = YES_ERROR;
				CLANG_WARN_RANGE_LOOP_ANALYSIS = YES;
				CLANG_WARN_STRICT_PROTOTYPES = YES;
				CLANG_WARN_SUSPICIOUS_MOVE = YES;
				CLANG_WARN_UNGUARDED_AVAILABILITY = YES_AGGRESSIVE;
				CLANG_WARN_UNREACHABLE_CODE = YES;
				CLANG_WARN__DUPLICATE_METHOD_MATCH = YES;
				CODE_SIGN_IDENTITY = "iPhone Developer";
				COPY_PHASE_STRIP = NO;
				DEBUG_INFORMATION_FORMAT = dwarf;
				ENABLE_STRICT_OBJC_MSGSEND = YES;
				ENABLE_TESTABILITY = YES;
				GCC_C_LANGUAGE_STANDARD = gnu11;
				GCC_DYNAMIC_NO_PIC = NO;
				GCC_NO_COMMON_BLOCKS = YES;
				GCC_OPTIMIZATION_LEVEL = 0;
				GCC_PREPROCESSOR_DEFINITIONS = (
					"DEBUG=1",
					"$(inherited)",
				);
				GCC_WARN_64_TO_32_BIT_CONVERSION = YES;
				GCC_WARN_ABOUT_RETURN_TYPE = YES_ERROR;
				GCC_WARN_UNDECLARED_SELECTOR = YES;
				GCC_WARN_UNINITIALIZED_AUTOS = YES_AGGRESSIVE;
				GCC_WARN_UNUSED_FUNCTION = YES;
				GCC_WARN_UNUSED_VARIABLE = YES;
				IPHONEOS_DEPLOYMENT_TARGET = 11.4;
				MTL_ENABLE_DEBUG_INFO = YES;
				ONLY_ACTIVE_ARCH = YES;
				SDKROOT = iphoneos;
				SWIFT_ACTIVE_COMPILATION_CONDITIONS = DEBUG;
				SWIFT_OBJC_INTERFACE_HEADER_NAME = "$(SWIFT_MODULE_NAME)-Swift.h";
				SWIFT_OPTIMIZATION_LEVEL = "-Onone";
				VALID_ARCHS = "arm64 armv7 armv7s i386";
			};
			name = Debug;
		};
		02A11B7F20E2A245000CD92B /* Release */ = {
			isa = XCBuildConfiguration;
			buildSettings = {
				ALWAYS_SEARCH_USER_PATHS = NO;
				CLANG_ANALYZER_NONNULL = YES;
				CLANG_ANALYZER_NUMBER_OBJECT_CONVERSION = YES_AGGRESSIVE;
				CLANG_CXX_LANGUAGE_STANDARD = "gnu++14";
				CLANG_CXX_LIBRARY = "libc++";
				CLANG_ENABLE_MODULES = YES;
				CLANG_ENABLE_OBJC_ARC = YES;
				CLANG_ENABLE_OBJC_WEAK = YES;
				CLANG_WARN_BLOCK_CAPTURE_AUTORELEASING = YES;
				CLANG_WARN_BOOL_CONVERSION = YES;
				CLANG_WARN_COMMA = YES;
				CLANG_WARN_CONSTANT_CONVERSION = YES;
				CLANG_WARN_DEPRECATED_OBJC_IMPLEMENTATIONS = YES;
				CLANG_WARN_DIRECT_OBJC_ISA_USAGE = YES_ERROR;
				CLANG_WARN_DOCUMENTATION_COMMENTS = YES;
				CLANG_WARN_EMPTY_BODY = YES;
				CLANG_WARN_ENUM_CONVERSION = YES;
				CLANG_WARN_INFINITE_RECURSION = YES;
				CLANG_WARN_INT_CONVERSION = YES;
				CLANG_WARN_NON_LITERAL_NULL_CONVERSION = YES;
				CLANG_WARN_OBJC_IMPLICIT_RETAIN_SELF = YES;
				CLANG_WARN_OBJC_LITERAL_CONVERSION = YES;
				CLANG_WARN_OBJC_ROOT_CLASS = YES_ERROR;
				CLANG_WARN_RANGE_LOOP_ANALYSIS = YES;
				CLANG_WARN_STRICT_PROTOTYPES = YES;
				CLANG_WARN_SUSPICIOUS_MOVE = YES;
				CLANG_WARN_UNGUARDED_AVAILABILITY = YES_AGGRESSIVE;
				CLANG_WARN_UNREACHABLE_CODE = YES;
				CLANG_WARN__DUPLICATE_METHOD_MATCH = YES;
				CODE_SIGN_IDENTITY = "iPhone Developer";
				COPY_PHASE_STRIP = NO;
				DEBUG_INFORMATION_FORMAT = "dwarf-with-dsym";
				ENABLE_NS_ASSERTIONS = NO;
				ENABLE_STRICT_OBJC_MSGSEND = YES;
				GCC_C_LANGUAGE_STANDARD = gnu11;
				GCC_NO_COMMON_BLOCKS = YES;
				GCC_WARN_64_TO_32_BIT_CONVERSION = YES;
				GCC_WARN_ABOUT_RETURN_TYPE = YES_ERROR;
				GCC_WARN_UNDECLARED_SELECTOR = YES;
				GCC_WARN_UNINITIALIZED_AUTOS = YES_AGGRESSIVE;
				GCC_WARN_UNUSED_FUNCTION = YES;
				GCC_WARN_UNUSED_VARIABLE = YES;
				IPHONEOS_DEPLOYMENT_TARGET = 11.4;
				MTL_ENABLE_DEBUG_INFO = NO;
				SDKROOT = iphoneos;
				SWIFT_COMPILATION_MODE = wholemodule;
				SWIFT_OBJC_INTERFACE_HEADER_NAME = "$(SWIFT_MODULE_NAME)-Swift.h";
				SWIFT_OPTIMIZATION_LEVEL = "-O";
				VALIDATE_PRODUCT = YES;
			};
			name = Release;
		};
		02A11B8120E2A245000CD92B /* Debug */ = {
			isa = XCBuildConfiguration;
			baseConfigurationReference = B5AB86E585821A2B409A42E4 /* Pods-SocialTrader.debug.xcconfig */;
			buildSettings = {
				ASSETCATALOG_COMPILER_APPICON_NAME = AppIcon;
				CODE_SIGN_STYLE = Automatic;
				DEVELOPMENT_TEAM = Q79878SPU6;
				FRAMEWORK_SEARCH_PATHS = (
					"$(inherited)",
					"$(PROJECT_DIR)/Carthage/Build/iOS",
				);
				INFOPLIST_FILE = SocialTrader/Info.plist;
				LD_RUNPATH_SEARCH_PATHS = (
					"$(inherited)",
					"@executable_path/Frameworks",
				);
				PRODUCT_BUNDLE_IDENTIFIER = com.ron.socialtrader;
				PRODUCT_NAME = "$(TARGET_NAME)";
				SWIFT_ACTIVE_COMPILATION_CONDITIONS = "DEBUG PROD";
				SWIFT_OBJC_BRIDGING_HEADER = "SocialTrader/SocialTrader-Bridging-Header.h";
				SWIFT_VERSION = 4.0;
				TARGETED_DEVICE_FAMILY = "1,2";
				VALID_ARCHS = "arm64 armv7 armv7s";
			};
			name = Debug;
		};
		02A11B8220E2A245000CD92B /* Release */ = {
			isa = XCBuildConfiguration;
			baseConfigurationReference = D832B1C23C36D8BBA31187A6 /* Pods-SocialTrader.release.xcconfig */;
			buildSettings = {
				ASSETCATALOG_COMPILER_APPICON_NAME = AppIcon;
				CODE_SIGN_STYLE = Automatic;
				DEVELOPMENT_TEAM = Q79878SPU6;
				FRAMEWORK_SEARCH_PATHS = (
					"$(inherited)",
					"$(PROJECT_DIR)/Carthage/Build/iOS",
				);
				INFOPLIST_FILE = SocialTrader/Info.plist;
				LD_RUNPATH_SEARCH_PATHS = (
					"$(inherited)",
					"@executable_path/Frameworks",
				);
				PRODUCT_BUNDLE_IDENTIFIER = com.ron.socialtrader;
				PRODUCT_NAME = "$(TARGET_NAME)";
				SWIFT_ACTIVE_COMPILATION_CONDITIONS = PROD;
				SWIFT_OBJC_BRIDGING_HEADER = "SocialTrader/SocialTrader-Bridging-Header.h";
				SWIFT_VERSION = 4.0;
				TARGETED_DEVICE_FAMILY = "1,2";
			};
			name = Release;
		};
		02A11B8420E2A245000CD92B /* Debug */ = {
			isa = XCBuildConfiguration;
			baseConfigurationReference = 35263898D41FBEE74D587D0E /* Pods-SocialTraderTests.debug.xcconfig */;
			buildSettings = {
				ALWAYS_EMBED_SWIFT_STANDARD_LIBRARIES = YES;
				BUNDLE_LOADER = "$(TEST_HOST)";
				CODE_SIGN_STYLE = Automatic;
				DEVELOPMENT_TEAM = Q79878SPU6;
				INFOPLIST_FILE = SocialTraderTests/Info.plist;
				LD_RUNPATH_SEARCH_PATHS = (
					"$(inherited)",
					"@executable_path/Frameworks",
					"@loader_path/Frameworks",
				);
				PRODUCT_BUNDLE_IDENTIFIER = com.ron.SocialTraderTests;
				PRODUCT_NAME = "$(TARGET_NAME)";
				SWIFT_VERSION = 4.0;
				TARGETED_DEVICE_FAMILY = "1,2";
				TEST_HOST = "$(BUILT_PRODUCTS_DIR)/SocialTrader.app/SocialTrader";
			};
			name = Debug;
		};
		02A11B8520E2A245000CD92B /* Release */ = {
			isa = XCBuildConfiguration;
			baseConfigurationReference = 4F2C9D9D87B2C0CB25C89523 /* Pods-SocialTraderTests.release.xcconfig */;
			buildSettings = {
				ALWAYS_EMBED_SWIFT_STANDARD_LIBRARIES = YES;
				BUNDLE_LOADER = "$(TEST_HOST)";
				CODE_SIGN_STYLE = Automatic;
				DEVELOPMENT_TEAM = Q79878SPU6;
				INFOPLIST_FILE = SocialTraderTests/Info.plist;
				LD_RUNPATH_SEARCH_PATHS = (
					"$(inherited)",
					"@executable_path/Frameworks",
					"@loader_path/Frameworks",
				);
				PRODUCT_BUNDLE_IDENTIFIER = com.ron.SocialTraderTests;
				PRODUCT_NAME = "$(TARGET_NAME)";
				SWIFT_VERSION = 4.0;
				TARGETED_DEVICE_FAMILY = "1,2";
				TEST_HOST = "$(BUILT_PRODUCTS_DIR)/SocialTrader.app/SocialTrader";
			};
			name = Release;
		};
		02A11B8720E2A245000CD92B /* Debug */ = {
			isa = XCBuildConfiguration;
			baseConfigurationReference = 5BEFBF3C7694BD518FD11F20 /* Pods-SocialTraderUITests.debug.xcconfig */;
			buildSettings = {
				ALWAYS_EMBED_SWIFT_STANDARD_LIBRARIES = YES;
				CODE_SIGN_STYLE = Automatic;
				DEVELOPMENT_TEAM = Q79878SPU6;
				INFOPLIST_FILE = SocialTraderUITests/Info.plist;
				LD_RUNPATH_SEARCH_PATHS = (
					"$(inherited)",
					"@executable_path/Frameworks",
					"@loader_path/Frameworks",
				);
				PRODUCT_BUNDLE_IDENTIFIER = com.ron.SocialTraderUITests;
				PRODUCT_NAME = "$(TARGET_NAME)";
				SWIFT_VERSION = 4.0;
				TARGETED_DEVICE_FAMILY = "1,2";
				TEST_TARGET_NAME = SocialTrader;
			};
			name = Debug;
		};
		02A11B8820E2A245000CD92B /* Release */ = {
			isa = XCBuildConfiguration;
			baseConfigurationReference = EC14281068162323FA02D181 /* Pods-SocialTraderUITests.release.xcconfig */;
			buildSettings = {
				ALWAYS_EMBED_SWIFT_STANDARD_LIBRARIES = YES;
				CODE_SIGN_STYLE = Automatic;
				DEVELOPMENT_TEAM = Q79878SPU6;
				INFOPLIST_FILE = SocialTraderUITests/Info.plist;
				LD_RUNPATH_SEARCH_PATHS = (
					"$(inherited)",
					"@executable_path/Frameworks",
					"@loader_path/Frameworks",
				);
				PRODUCT_BUNDLE_IDENTIFIER = com.ron.SocialTraderUITests;
				PRODUCT_NAME = "$(TARGET_NAME)";
				SWIFT_VERSION = 4.0;
				TARGETED_DEVICE_FAMILY = "1,2";
				TEST_TARGET_NAME = SocialTrader;
			};
			name = Release;
		};
/* End XCBuildConfiguration section */

/* Begin XCConfigurationList section */
		02A11B5320E2A242000CD92B /* Build configuration list for PBXProject "SocialTrader" */ = {
			isa = XCConfigurationList;
			buildConfigurations = (
				02A11B7E20E2A245000CD92B /* Debug */,
				02A11B7F20E2A245000CD92B /* Release */,
			);
			defaultConfigurationIsVisible = 0;
			defaultConfigurationName = Release;
		};
		02A11B8020E2A245000CD92B /* Build configuration list for PBXNativeTarget "SocialTrader" */ = {
			isa = XCConfigurationList;
			buildConfigurations = (
				02A11B8120E2A245000CD92B /* Debug */,
				02A11B8220E2A245000CD92B /* Release */,
			);
			defaultConfigurationIsVisible = 0;
			defaultConfigurationName = Release;
		};
		02A11B8320E2A245000CD92B /* Build configuration list for PBXNativeTarget "SocialTraderTests" */ = {
			isa = XCConfigurationList;
			buildConfigurations = (
				02A11B8420E2A245000CD92B /* Debug */,
				02A11B8520E2A245000CD92B /* Release */,
			);
			defaultConfigurationIsVisible = 0;
			defaultConfigurationName = Release;
		};
		02A11B8620E2A245000CD92B /* Build configuration list for PBXNativeTarget "SocialTraderUITests" */ = {
			isa = XCConfigurationList;
			buildConfigurations = (
				02A11B8720E2A245000CD92B /* Debug */,
				02A11B8820E2A245000CD92B /* Release */,
			);
			defaultConfigurationIsVisible = 0;
			defaultConfigurationName = Release;
		};
/* End XCConfigurationList section */
	};
	rootObject = 02A11B5020E2A242000CD92B /* Project object */;
}
