// !$*UTF8*$!
{
	archiveVersion = 1;
	classes = {
	};
	objectVersion = 48;
	objects = {

/* Begin PBXBuildFile section */
		0203FC091F99741B007FE62A /* AppDelegate.swift in Sources */ = {isa = PBXBuildFile; fileRef = 0203FC081F99741B007FE62A /* AppDelegate.swift */; };
		0203FC0B1F99741B007FE62A /* MasterVC.swift in Sources */ = {isa = PBXBuildFile; fileRef = 0203FC0A1F99741B007FE62A /* MasterVC.swift */; };
		0203FC0E1F99741B007FE62A /* Main.storyboard in Resources */ = {isa = PBXBuildFile; fileRef = 0203FC0C1F99741B007FE62A /* Main.storyboard */; };
		0203FC101F99741B007FE62A /* Assets.xcassets in Resources */ = {isa = PBXBuildFile; fileRef = 0203FC0F1F99741B007FE62A /* Assets.xcassets */; };
		0203FC131F99741B007FE62A /* LaunchScreen.storyboard in Resources */ = {isa = PBXBuildFile; fileRef = 0203FC111F99741B007FE62A /* LaunchScreen.storyboard */; };
		0203FC1E1F99741B007FE62A /* betterInvestorTests.swift in Sources */ = {isa = PBXBuildFile; fileRef = 0203FC1D1F99741B007FE62A /* betterInvestorTests.swift */; };
		0203FC291F99741C007FE62A /* betterInvestorUITests.swift in Sources */ = {isa = PBXBuildFile; fileRef = 0203FC281F99741C007FE62A /* betterInvestorUITests.swift */; };
		0222D8182026563700A80C53 /* PortfolioSummaryCell.swift in Sources */ = {isa = PBXBuildFile; fileRef = 0222D8172026563700A80C53 /* PortfolioSummaryCell.swift */; };
		022818EE1FCA2E300098F619 /* MenuHeaderCell.swift in Sources */ = {isa = PBXBuildFile; fileRef = 022818ED1FCA2E300098F619 /* MenuHeaderCell.swift */; };
		022818F21FCA310D0098F619 /* ProductCell.swift in Sources */ = {isa = PBXBuildFile; fileRef = 022818F11FCA310D0098F619 /* ProductCell.swift */; };
		022818F41FCA31A80098F619 /* ProductVC.swift in Sources */ = {isa = PBXBuildFile; fileRef = 022818F31FCA31A80098F619 /* ProductVC.swift */; };
		022818F61FCB270B0098F619 /* ReferVC.swift in Sources */ = {isa = PBXBuildFile; fileRef = 022818F51FCB270B0098F619 /* ReferVC.swift */; };
		022818F81FCB27D60098F619 /* ReferCell.swift in Sources */ = {isa = PBXBuildFile; fileRef = 022818F71FCB27D60098F619 /* ReferCell.swift */; };
		022818FF1FCD17410098F619 /* FacebookCore.framework in Frameworks */ = {isa = PBXBuildFile; fileRef = 022818FC1FCD17410098F619 /* FacebookCore.framework */; };
		022819011FCD17590098F619 /* FacebookLogin.framework in Frameworks */ = {isa = PBXBuildFile; fileRef = 022819001FCD17590098F619 /* FacebookLogin.framework */; };
		022819031FCD17850098F619 /* FacebookShare.framework in Frameworks */ = {isa = PBXBuildFile; fileRef = 022819021FCD17850098F619 /* FacebookShare.framework */; };
		022819051FCD17E60098F619 /* FBSDKCoreKit.framework in Frameworks */ = {isa = PBXBuildFile; fileRef = 022819041FCD17E60098F619 /* FBSDKCoreKit.framework */; };
		022819071FCD185A0098F619 /* FBSDKLoginKit.framework in Frameworks */ = {isa = PBXBuildFile; fileRef = 022819061FCD185A0098F619 /* FBSDKLoginKit.framework */; };
		0228190B1FCD18C00098F619 /* FBSDKShareKit.framework in Frameworks */ = {isa = PBXBuildFile; fileRef = 0228190A1FCD18C00098F619 /* FBSDKShareKit.framework */; };
		02327C5920201A7800F2B1B8 /* StockActionCell.swift in Sources */ = {isa = PBXBuildFile; fileRef = 02327C5820201A7800F2B1B8 /* StockActionCell.swift */; };
		02327C5B20201AE000F2B1B8 /* StockInfoCell.swift in Sources */ = {isa = PBXBuildFile; fileRef = 02327C5A20201AE000F2B1B8 /* StockInfoCell.swift */; };
		02327C5D2022B40700F2B1B8 /* BuySellVC.swift in Sources */ = {isa = PBXBuildFile; fileRef = 02327C5C2022B40700F2B1B8 /* BuySellVC.swift */; };
		02327C5F2022B5B000F2B1B8 /* TrxInfoCell.swift in Sources */ = {isa = PBXBuildFile; fileRef = 02327C5E2022B5B000F2B1B8 /* TrxInfoCell.swift */; };
		02327C612022B5C800F2B1B8 /* TrxActionCell.swift in Sources */ = {isa = PBXBuildFile; fileRef = 02327C602022B5C800F2B1B8 /* TrxActionCell.swift */; };
		02327C632022B6F300F2B1B8 /* TrxInputCell.swift in Sources */ = {isa = PBXBuildFile; fileRef = 02327C622022B6F300F2B1B8 /* TrxInputCell.swift */; };
		0237B0381FC8F780008075D3 /* MenuTableViewCell.swift in Sources */ = {isa = PBXBuildFile; fileRef = 0237B0371FC8F780008075D3 /* MenuTableViewCell.swift */; };
		0240361C1FCD1B2D00935411 /* Bolts.framework in Frameworks */ = {isa = PBXBuildFile; fileRef = 0240361B1FCD1B2D00935411 /* Bolts.framework */; };
		0240361F1FCD237A00935411 /* LoginViewController.swift in Sources */ = {isa = PBXBuildFile; fileRef = 0240361E1FCD237A00935411 /* LoginViewController.swift */; };
		024B302C204AF32B004FD23D /* GainHistoryItem.swift in Sources */ = {isa = PBXBuildFile; fileRef = 024B302B204AF32B004FD23D /* GainHistoryItem.swift */; };
		024B302E204C47DE004FD23D /* GainHistoryFilter.swift in Sources */ = {isa = PBXBuildFile; fileRef = 024B302D204C47DE004FD23D /* GainHistoryFilter.swift */; };
		0258C2D91FB90B52003FC621 /* HalfPieChartViewController.m in Sources */ = {isa = PBXBuildFile; fileRef = 02C0A97B1FB7CA8700039603 /* HalfPieChartViewController.m */; };
		0258C2E41FBC01E1003FC621 /* LineChart1ViewController.m in Sources */ = {isa = PBXBuildFile; fileRef = 0258C2DF1FBC01E1003FC621 /* LineChart1ViewController.m */; };
		0258C2E51FBC01E1003FC621 /* LineChart1ViewController.xib in Resources */ = {isa = PBXBuildFile; fileRef = 0258C2E31FBC01E1003FC621 /* LineChart1ViewController.xib */; };
		0258C2EA1FBD4E0E003FC621 /* Stub.swift in Sources */ = {isa = PBXBuildFile; fileRef = 0258C2E91FBD4E0E003FC621 /* Stub.swift */; };
		0258C2EC1FBD51B5003FC621 /* Constants.swift in Sources */ = {isa = PBXBuildFile; fileRef = 0258C2EB1FBD51B5003FC621 /* Constants.swift */; };
		0258C2F11FC25580003FC621 /* ChartBaseViewController.m in Sources */ = {isa = PBXBuildFile; fileRef = 02C0A9801FB7CB3300039603 /* ChartBaseViewController.m */; };
		0258C2F41FC3E8F8003FC621 /* StockVC.swift in Sources */ = {isa = PBXBuildFile; fileRef = 0258C2F31FC3E8F8003FC621 /* StockVC.swift */; };
		0258C2F81FC3F141003FC621 /* StockHoldersVC.swift in Sources */ = {isa = PBXBuildFile; fileRef = 0258C2F71FC3F141003FC621 /* StockHoldersVC.swift */; };
		025DD9851FE8AC3900720099 /* RequestGenerator.swift in Sources */ = {isa = PBXBuildFile; fileRef = 025DD9841FE8AC3900720099 /* RequestGenerator.swift */; };
		025DD9871FE8AC4900720099 /* ResponseParser.swift in Sources */ = {isa = PBXBuildFile; fileRef = 025DD9861FE8AC4900720099 /* ResponseParser.swift */; };
		02657D31204237FE008A8159 /* FbDataManager.swift in Sources */ = {isa = PBXBuildFile; fileRef = 02657D30204237FE008A8159 /* FbDataManager.swift */; };
		02879E6B20088688002E8AE1 /* Market.swift in Sources */ = {isa = PBXBuildFile; fileRef = 02879E6A20088688002E8AE1 /* Market.swift */; };
		02879E6D2008874A002E8AE1 /* Quote.swift in Sources */ = {isa = PBXBuildFile; fileRef = 02879E6C2008874A002E8AE1 /* Quote.swift */; };
		028C9BEC1FE8B88A003966F8 /* Alamofire.framework in Frameworks */ = {isa = PBXBuildFile; fileRef = 028C9BE91FE8B88A003966F8 /* Alamofire.framework */; };
		028C9BEE1FE8B8D2003966F8 /* SwiftyJSON.framework in Frameworks */ = {isa = PBXBuildFile; fileRef = 028C9BED1FE8B8D2003966F8 /* SwiftyJSON.framework */; };
		028C9BF31FE8BA0C003966F8 /* SwiftyJSON.framework in Copy Files */ = {isa = PBXBuildFile; fileRef = 028C9BED1FE8B8D2003966F8 /* SwiftyJSON.framework */; settings = {ATTRIBUTES = (CodeSignOnCopy, RemoveHeadersOnCopy, ); }; };
		028C9BF41FE8BA0C003966F8 /* Alamofire.framework in Copy Files */ = {isa = PBXBuildFile; fileRef = 028C9BE91FE8B88A003966F8 /* Alamofire.framework */; settings = {ATTRIBUTES = (CodeSignOnCopy, RemoveHeadersOnCopy, ); }; };
		028C9BF51FE8BA0C003966F8 /* Bolts.framework in Copy Files */ = {isa = PBXBuildFile; fileRef = 0240361B1FCD1B2D00935411 /* Bolts.framework */; settings = {ATTRIBUTES = (CodeSignOnCopy, RemoveHeadersOnCopy, ); }; };
		028C9BF61FE8BA0C003966F8 /* FBSDKShareKit.framework in Copy Files */ = {isa = PBXBuildFile; fileRef = 0228190A1FCD18C00098F619 /* FBSDKShareKit.framework */; settings = {ATTRIBUTES = (CodeSignOnCopy, RemoveHeadersOnCopy, ); }; };
		028C9BF71FE8BA0C003966F8 /* FBSDKLoginKit.framework in Copy Files */ = {isa = PBXBuildFile; fileRef = 022819061FCD185A0098F619 /* FBSDKLoginKit.framework */; settings = {ATTRIBUTES = (CodeSignOnCopy, RemoveHeadersOnCopy, ); }; };
		028C9BF81FE8BA0C003966F8 /* FBSDKCoreKit.framework in Copy Files */ = {isa = PBXBuildFile; fileRef = 022819041FCD17E60098F619 /* FBSDKCoreKit.framework */; settings = {ATTRIBUTES = (CodeSignOnCopy, RemoveHeadersOnCopy, ); }; };
		028C9BF91FE8BA0C003966F8 /* FacebookShare.framework in Copy Files */ = {isa = PBXBuildFile; fileRef = 022819021FCD17850098F619 /* FacebookShare.framework */; settings = {ATTRIBUTES = (CodeSignOnCopy, RemoveHeadersOnCopy, ); }; };
		028C9BFA1FE8BA0C003966F8 /* FacebookLogin.framework in Copy Files */ = {isa = PBXBuildFile; fileRef = 022819001FCD17590098F619 /* FacebookLogin.framework */; settings = {ATTRIBUTES = (CodeSignOnCopy, RemoveHeadersOnCopy, ); }; };
		028C9BFB1FE8BA0C003966F8 /* FacebookCore.framework in Copy Files */ = {isa = PBXBuildFile; fileRef = 022818FC1FCD17410098F619 /* FacebookCore.framework */; settings = {ATTRIBUTES = (CodeSignOnCopy, RemoveHeadersOnCopy, ); }; };
		028C9BFC1FE8BA0C003966F8 /* Pods_betterInvestor.framework in Copy Files */ = {isa = PBXBuildFile; fileRef = A023F436B257CFC3A57F1C79 /* Pods_betterInvestor.framework */; settings = {ATTRIBUTES = (CodeSignOnCopy, RemoveHeadersOnCopy, ); }; };
		028C9BFD1FE8BA0C003966F8 /* Pods_betterInvestorTests.framework in Copy Files */ = {isa = PBXBuildFile; fileRef = 0E4F5CA53F34458F1F8C2ACB /* Pods_betterInvestorTests.framework */; settings = {ATTRIBUTES = (CodeSignOnCopy, RemoveHeadersOnCopy, ); }; };
		028C9BFE1FE8BA0C003966F8 /* Pods_betterInvestorUITests.framework in Copy Files */ = {isa = PBXBuildFile; fileRef = 9A192DEFB55C11C68A71F6DA /* Pods_betterInvestorUITests.framework */; settings = {ATTRIBUTES = (CodeSignOnCopy, RemoveHeadersOnCopy, ); }; };
		028C9C041FEA1D0E003966F8 /* User.swift in Sources */ = {isa = PBXBuildFile; fileRef = 028C9C031FEA1D0E003966F8 /* User.swift */; };
		028C9C081FEA22E8003966F8 /* app_config.plist in Resources */ = {isa = PBXBuildFile; fileRef = 028C9C071FEA22E8003966F8 /* app_config.plist */; };
		028ED07E1FAE4E6500ABE2CD /* GoogleService-Info.plist in Resources */ = {isa = PBXBuildFile; fileRef = 028ED07D1FAE4E6500ABE2CD /* GoogleService-Info.plist */; };
		02A7176B1FB3E13400289BCD /* RankingTableVC.swift in Sources */ = {isa = PBXBuildFile; fileRef = 02A7176A1FB3E13400289BCD /* RankingTableVC.swift */; };
		02A7176D1FB4187300289BCD /* RankingCell.swift in Sources */ = {isa = PBXBuildFile; fileRef = 02A7176C1FB4187300289BCD /* RankingCell.swift */; };
		02A844371FAFD4FA00D4935D /* PortfolioCell.swift in Sources */ = {isa = PBXBuildFile; fileRef = 02A844361FAFD4FA00D4935D /* PortfolioCell.swift */; };
		02A844391FB01C5A00D4935D /* Icons.xcassets in Resources */ = {isa = PBXBuildFile; fileRef = 02A844381FB01C5A00D4935D /* Icons.xcassets */; };
		02AC3A37205A04B90010CCCF /* Holder.swift in Sources */ = {isa = PBXBuildFile; fileRef = 02AC3A36205A04B90010CCCF /* Holder.swift */; };
		02AC3A3B205A07F20010CCCF /* HoldersVC.swift in Sources */ = {isa = PBXBuildFile; fileRef = 02AC3A3A205A07F20010CCCF /* HoldersVC.swift */; };
		02AC3A3D205B5C450010CCCF /* HolderCell.swift in Sources */ = {isa = PBXBuildFile; fileRef = 02AC3A3C205B5C450010CCCF /* HolderCell.swift */; };
		02ADE02D2050BB9300A89C15 /* FriendPortfolioVC.swift in Sources */ = {isa = PBXBuildFile; fileRef = 02ADE02C2050BB9300A89C15 /* FriendPortfolioVC.swift */; };
		02AFC52A200713A900D93425 /* Position.swift in Sources */ = {isa = PBXBuildFile; fileRef = 02AFC529200713A900D93425 /* Position.swift */; };
		02AFC52C200713B800D93425 /* Portfolio.swift in Sources */ = {isa = PBXBuildFile; fileRef = 02AFC52B200713B800D93425 /* Portfolio.swift */; };
		02BB1D121FC7A6BB001DEC45 /* SideBarVC.swift in Sources */ = {isa = PBXBuildFile; fileRef = 02BB1D111FC7A6BB001DEC45 /* SideBarVC.swift */; };
		02C0A97E1FB7CA8700039603 /* HalfPieChartViewController.xib in Resources */ = {isa = PBXBuildFile; fileRef = 02C0A97C1FB7CA8700039603 /* HalfPieChartViewController.xib */; };
		02EC9DBB20462FB000FB2686 /* Ranking.swift in Sources */ = {isa = PBXBuildFile; fileRef = 02EC9DBA20462FB000FB2686 /* Ranking.swift */; };
		02F0AECA201C1D29003E4C93 /* SymbolSearchVC.swift in Sources */ = {isa = PBXBuildFile; fileRef = 02F0AEC9201C1D29003E4C93 /* SymbolSearchVC.swift */; };
		02F0AECC201CEA93003E4C93 /* Symbol.swift in Sources */ = {isa = PBXBuildFile; fileRef = 02F0AECB201CEA93003E4C93 /* Symbol.swift */; };
		02F0AECE201D1326003E4C93 /* RootNavigationVC.swift in Sources */ = {isa = PBXBuildFile; fileRef = 02F0AECD201D1326003E4C93 /* RootNavigationVC.swift */; };
		02F4D4F3206C9DA80083996F /* symbols.plist in Resources */ = {isa = PBXBuildFile; fileRef = 02F4D4F2206C9DA80083996F /* symbols.plist */; };
		A3D2E471C36F83007EB07CAF /* Pods_betterInvestorUITests.framework in Frameworks */ = {isa = PBXBuildFile; fileRef = 9A192DEFB55C11C68A71F6DA /* Pods_betterInvestorUITests.framework */; };
		BCB5193498B7ABB0AEC0BB1A /* Pods_betterInvestorTests.framework in Frameworks */ = {isa = PBXBuildFile; fileRef = 0E4F5CA53F34458F1F8C2ACB /* Pods_betterInvestorTests.framework */; };
		DDD36C023DCA4D54653F569E /* Pods_betterInvestor.framework in Frameworks */ = {isa = PBXBuildFile; fileRef = A023F436B257CFC3A57F1C79 /* Pods_betterInvestor.framework */; };
/* End PBXBuildFile section */

/* Begin PBXContainerItemProxy section */
		0203FC1A1F99741B007FE62A /* PBXContainerItemProxy */ = {
			isa = PBXContainerItemProxy;
			containerPortal = 0203FBFD1F99741B007FE62A /* Project object */;
			proxyType = 1;
			remoteGlobalIDString = 0203FC041F99741B007FE62A;
			remoteInfo = betterInvestor;
		};
		0203FC251F99741C007FE62A /* PBXContainerItemProxy */ = {
			isa = PBXContainerItemProxy;
			containerPortal = 0203FBFD1F99741B007FE62A /* Project object */;
			proxyType = 1;
			remoteGlobalIDString = 0203FC041F99741B007FE62A;
			remoteInfo = betterInvestor;
		};
/* End PBXContainerItemProxy section */

/* Begin PBXCopyFilesBuildPhase section */
		028C9BF01FE8B9E2003966F8 /* Copy Files */ = {
			isa = PBXCopyFilesBuildPhase;
			buildActionMask = 2147483647;
			dstPath = "";
			dstSubfolderSpec = 10;
			files = (
				028C9BF31FE8BA0C003966F8 /* SwiftyJSON.framework in Copy Files */,
				028C9BF41FE8BA0C003966F8 /* Alamofire.framework in Copy Files */,
				028C9BF51FE8BA0C003966F8 /* Bolts.framework in Copy Files */,
				028C9BF61FE8BA0C003966F8 /* FBSDKShareKit.framework in Copy Files */,
				028C9BF71FE8BA0C003966F8 /* FBSDKLoginKit.framework in Copy Files */,
				028C9BF81FE8BA0C003966F8 /* FBSDKCoreKit.framework in Copy Files */,
				028C9BF91FE8BA0C003966F8 /* FacebookShare.framework in Copy Files */,
				028C9BFA1FE8BA0C003966F8 /* FacebookLogin.framework in Copy Files */,
				028C9BFB1FE8BA0C003966F8 /* FacebookCore.framework in Copy Files */,
				028C9BFC1FE8BA0C003966F8 /* Pods_betterInvestor.framework in Copy Files */,
				028C9BFD1FE8BA0C003966F8 /* Pods_betterInvestorTests.framework in Copy Files */,
				028C9BFE1FE8BA0C003966F8 /* Pods_betterInvestorUITests.framework in Copy Files */,
			);
			name = "Copy Files";
			runOnlyForDeploymentPostprocessing = 0;
		};
/* End PBXCopyFilesBuildPhase section */

/* Begin PBXFileReference section */
		0203FC051F99741B007FE62A /* betterInvestor.app */ = {isa = PBXFileReference; explicitFileType = wrapper.application; includeInIndex = 0; path = betterInvestor.app; sourceTree = BUILT_PRODUCTS_DIR; };
		0203FC081F99741B007FE62A /* AppDelegate.swift */ = {isa = PBXFileReference; lastKnownFileType = sourcecode.swift; path = AppDelegate.swift; sourceTree = "<group>"; };
		0203FC0A1F99741B007FE62A /* MasterVC.swift */ = {isa = PBXFileReference; lastKnownFileType = sourcecode.swift; path = MasterVC.swift; sourceTree = "<group>"; };
		0203FC0D1F99741B007FE62A /* Base */ = {isa = PBXFileReference; lastKnownFileType = file.storyboard; name = Base; path = Base.lproj/Main.storyboard; sourceTree = "<group>"; };
		0203FC0F1F99741B007FE62A /* Assets.xcassets */ = {isa = PBXFileReference; lastKnownFileType = folder.assetcatalog; path = Assets.xcassets; sourceTree = "<group>"; };
		0203FC121F99741B007FE62A /* Base */ = {isa = PBXFileReference; lastKnownFileType = file.storyboard; name = Base; path = Base.lproj/LaunchScreen.storyboard; sourceTree = "<group>"; };
		0203FC141F99741B007FE62A /* Info.plist */ = {isa = PBXFileReference; lastKnownFileType = text.plist.xml; path = Info.plist; sourceTree = "<group>"; };
		0203FC191F99741B007FE62A /* betterInvestorTests.xctest */ = {isa = PBXFileReference; explicitFileType = wrapper.cfbundle; includeInIndex = 0; path = betterInvestorTests.xctest; sourceTree = BUILT_PRODUCTS_DIR; };
		0203FC1D1F99741B007FE62A /* betterInvestorTests.swift */ = {isa = PBXFileReference; lastKnownFileType = sourcecode.swift; path = betterInvestorTests.swift; sourceTree = "<group>"; };
		0203FC1F1F99741B007FE62A /* Info.plist */ = {isa = PBXFileReference; lastKnownFileType = text.plist.xml; path = Info.plist; sourceTree = "<group>"; };
		0203FC241F99741C007FE62A /* betterInvestorUITests.xctest */ = {isa = PBXFileReference; explicitFileType = wrapper.cfbundle; includeInIndex = 0; path = betterInvestorUITests.xctest; sourceTree = BUILT_PRODUCTS_DIR; };
		0203FC281F99741C007FE62A /* betterInvestorUITests.swift */ = {isa = PBXFileReference; lastKnownFileType = sourcecode.swift; path = betterInvestorUITests.swift; sourceTree = "<group>"; };
		0203FC2A1F99741C007FE62A /* Info.plist */ = {isa = PBXFileReference; lastKnownFileType = text.plist.xml; path = Info.plist; sourceTree = "<group>"; };
		0222D8172026563700A80C53 /* PortfolioSummaryCell.swift */ = {isa = PBXFileReference; lastKnownFileType = sourcecode.swift; path = PortfolioSummaryCell.swift; sourceTree = "<group>"; };
		022818ED1FCA2E300098F619 /* MenuHeaderCell.swift */ = {isa = PBXFileReference; lastKnownFileType = sourcecode.swift; path = MenuHeaderCell.swift; sourceTree = "<group>"; };
		022818F11FCA310D0098F619 /* ProductCell.swift */ = {isa = PBXFileReference; lastKnownFileType = sourcecode.swift; path = ProductCell.swift; sourceTree = "<group>"; };
		022818F31FCA31A80098F619 /* ProductVC.swift */ = {isa = PBXFileReference; lastKnownFileType = sourcecode.swift; path = ProductVC.swift; sourceTree = "<group>"; };
		022818F51FCB270B0098F619 /* ReferVC.swift */ = {isa = PBXFileReference; lastKnownFileType = sourcecode.swift; path = ReferVC.swift; sourceTree = "<group>"; };
		022818F71FCB27D60098F619 /* ReferCell.swift */ = {isa = PBXFileReference; lastKnownFileType = sourcecode.swift; path = ReferCell.swift; sourceTree = "<group>"; };
		022818FC1FCD17410098F619 /* FacebookCore.framework */ = {isa = PBXFileReference; lastKnownFileType = wrapper.framework; name = FacebookCore.framework; path = Carthage/Build/iOS/FacebookCore.framework; sourceTree = "<group>"; };
		022819001FCD17590098F619 /* FacebookLogin.framework */ = {isa = PBXFileReference; lastKnownFileType = wrapper.framework; name = FacebookLogin.framework; path = Carthage/Build/iOS/FacebookLogin.framework; sourceTree = "<group>"; };
		022819021FCD17850098F619 /* FacebookShare.framework */ = {isa = PBXFileReference; lastKnownFileType = wrapper.framework; name = FacebookShare.framework; path = Carthage/Build/iOS/FacebookShare.framework; sourceTree = "<group>"; };
		022819041FCD17E60098F619 /* FBSDKCoreKit.framework */ = {isa = PBXFileReference; lastKnownFileType = wrapper.framework; name = FBSDKCoreKit.framework; path = Carthage/Build/iOS/FBSDKCoreKit.framework; sourceTree = "<group>"; };
		022819061FCD185A0098F619 /* FBSDKLoginKit.framework */ = {isa = PBXFileReference; lastKnownFileType = wrapper.framework; name = FBSDKLoginKit.framework; path = Carthage/Build/iOS/FBSDKLoginKit.framework; sourceTree = "<group>"; };
		0228190A1FCD18C00098F619 /* FBSDKShareKit.framework */ = {isa = PBXFileReference; lastKnownFileType = wrapper.framework; name = FBSDKShareKit.framework; path = Carthage/Build/iOS/FBSDKShareKit.framework; sourceTree = "<group>"; };
		02327C5820201A7800F2B1B8 /* StockActionCell.swift */ = {isa = PBXFileReference; lastKnownFileType = sourcecode.swift; path = StockActionCell.swift; sourceTree = "<group>"; };
		02327C5A20201AE000F2B1B8 /* StockInfoCell.swift */ = {isa = PBXFileReference; lastKnownFileType = sourcecode.swift; path = StockInfoCell.swift; sourceTree = "<group>"; };
		02327C5C2022B40700F2B1B8 /* BuySellVC.swift */ = {isa = PBXFileReference; lastKnownFileType = sourcecode.swift; path = BuySellVC.swift; sourceTree = "<group>"; };
		02327C5E2022B5B000F2B1B8 /* TrxInfoCell.swift */ = {isa = PBXFileReference; lastKnownFileType = sourcecode.swift; path = TrxInfoCell.swift; sourceTree = "<group>"; };
		02327C602022B5C800F2B1B8 /* TrxActionCell.swift */ = {isa = PBXFileReference; lastKnownFileType = sourcecode.swift; path = TrxActionCell.swift; sourceTree = "<group>"; };
		02327C622022B6F300F2B1B8 /* TrxInputCell.swift */ = {isa = PBXFileReference; lastKnownFileType = sourcecode.swift; path = TrxInputCell.swift; sourceTree = "<group>"; };
		0237B0371FC8F780008075D3 /* MenuTableViewCell.swift */ = {isa = PBXFileReference; lastKnownFileType = sourcecode.swift; path = MenuTableViewCell.swift; sourceTree = "<group>"; };
		0240361B1FCD1B2D00935411 /* Bolts.framework */ = {isa = PBXFileReference; lastKnownFileType = wrapper.framework; name = Bolts.framework; path = Carthage/Build/iOS/Bolts.framework; sourceTree = "<group>"; };
		0240361E1FCD237A00935411 /* LoginViewController.swift */ = {isa = PBXFileReference; lastKnownFileType = sourcecode.swift; path = LoginViewController.swift; sourceTree = "<group>"; };
		024B302B204AF32B004FD23D /* GainHistoryItem.swift */ = {isa = PBXFileReference; lastKnownFileType = sourcecode.swift; path = GainHistoryItem.swift; sourceTree = "<group>"; };
		024B302D204C47DE004FD23D /* GainHistoryFilter.swift */ = {isa = PBXFileReference; lastKnownFileType = sourcecode.swift; path = GainHistoryFilter.swift; sourceTree = "<group>"; };
		0258C2DF1FBC01E1003FC621 /* LineChart1ViewController.m */ = {isa = PBXFileReference; fileEncoding = 4; lastKnownFileType = sourcecode.c.objc; path = LineChart1ViewController.m; sourceTree = "<group>"; };
		0258C2E21FBC01E1003FC621 /* LineChart1ViewController.h */ = {isa = PBXFileReference; fileEncoding = 4; lastKnownFileType = sourcecode.c.h; path = LineChart1ViewController.h; sourceTree = "<group>"; };
		0258C2E31FBC01E1003FC621 /* LineChart1ViewController.xib */ = {isa = PBXFileReference; fileEncoding = 4; lastKnownFileType = file.xib; path = LineChart1ViewController.xib; sourceTree = "<group>"; };
		0258C2E91FBD4E0E003FC621 /* Stub.swift */ = {isa = PBXFileReference; lastKnownFileType = sourcecode.swift; path = Stub.swift; sourceTree = "<group>"; };
		0258C2EB1FBD51B5003FC621 /* Constants.swift */ = {isa = PBXFileReference; lastKnownFileType = sourcecode.swift; path = Constants.swift; sourceTree = "<group>"; };
		0258C2F31FC3E8F8003FC621 /* StockVC.swift */ = {isa = PBXFileReference; lastKnownFileType = sourcecode.swift; path = StockVC.swift; sourceTree = "<group>"; };
		0258C2F71FC3F141003FC621 /* StockHoldersVC.swift */ = {isa = PBXFileReference; lastKnownFileType = sourcecode.swift; path = StockHoldersVC.swift; sourceTree = "<group>"; };
		025DD9841FE8AC3900720099 /* RequestGenerator.swift */ = {isa = PBXFileReference; lastKnownFileType = sourcecode.swift; path = RequestGenerator.swift; sourceTree = "<group>"; };
		025DD9861FE8AC4900720099 /* ResponseParser.swift */ = {isa = PBXFileReference; lastKnownFileType = sourcecode.swift; path = ResponseParser.swift; sourceTree = "<group>"; };
		02657D30204237FE008A8159 /* FbDataManager.swift */ = {isa = PBXFileReference; lastKnownFileType = sourcecode.swift; path = FbDataManager.swift; sourceTree = "<group>"; };
		02879E6A20088688002E8AE1 /* Market.swift */ = {isa = PBXFileReference; lastKnownFileType = sourcecode.swift; path = Market.swift; sourceTree = "<group>"; };
		02879E6C2008874A002E8AE1 /* Quote.swift */ = {isa = PBXFileReference; lastKnownFileType = sourcecode.swift; path = Quote.swift; sourceTree = "<group>"; };
		028C9BE91FE8B88A003966F8 /* Alamofire.framework */ = {isa = PBXFileReference; lastKnownFileType = wrapper.framework; name = Alamofire.framework; path = Carthage/Build/iOS/Alamofire.framework; sourceTree = "<group>"; };
		028C9BED1FE8B8D2003966F8 /* SwiftyJSON.framework */ = {isa = PBXFileReference; lastKnownFileType = wrapper.framework; name = SwiftyJSON.framework; path = Carthage/Build/iOS/SwiftyJSON.framework; sourceTree = "<group>"; };
		028C9C031FEA1D0E003966F8 /* User.swift */ = {isa = PBXFileReference; lastKnownFileType = sourcecode.swift; path = User.swift; sourceTree = "<group>"; };
		028C9C071FEA22E8003966F8 /* app_config.plist */ = {isa = PBXFileReference; lastKnownFileType = text.plist.xml; path = app_config.plist; sourceTree = "<group>"; };
		028ED07D1FAE4E6500ABE2CD /* GoogleService-Info.plist */ = {isa = PBXFileReference; fileEncoding = 4; lastKnownFileType = text.plist.xml; path = "GoogleService-Info.plist"; sourceTree = SOURCE_ROOT; };
		02A7176A1FB3E13400289BCD /* RankingTableVC.swift */ = {isa = PBXFileReference; lastKnownFileType = sourcecode.swift; path = RankingTableVC.swift; sourceTree = "<group>"; };
		02A7176C1FB4187300289BCD /* RankingCell.swift */ = {isa = PBXFileReference; lastKnownFileType = sourcecode.swift; path = RankingCell.swift; sourceTree = "<group>"; };
		02A844361FAFD4FA00D4935D /* PortfolioCell.swift */ = {isa = PBXFileReference; lastKnownFileType = sourcecode.swift; path = PortfolioCell.swift; sourceTree = "<group>"; };
		02A844381FB01C5A00D4935D /* Icons.xcassets */ = {isa = PBXFileReference; lastKnownFileType = folder.assetcatalog; path = Icons.xcassets; sourceTree = "<group>"; };
		02AC3A36205A04B90010CCCF /* Holder.swift */ = {isa = PBXFileReference; lastKnownFileType = sourcecode.swift; path = Holder.swift; sourceTree = "<group>"; };
		02AC3A3A205A07F20010CCCF /* HoldersVC.swift */ = {isa = PBXFileReference; lastKnownFileType = sourcecode.swift; path = HoldersVC.swift; sourceTree = "<group>"; };
		02AC3A3C205B5C450010CCCF /* HolderCell.swift */ = {isa = PBXFileReference; lastKnownFileType = sourcecode.swift; path = HolderCell.swift; sourceTree = "<group>"; };
		02ADE02C2050BB9300A89C15 /* FriendPortfolioVC.swift */ = {isa = PBXFileReference; lastKnownFileType = sourcecode.swift; path = FriendPortfolioVC.swift; sourceTree = "<group>"; };
		02AFC5252001542E00D93425 /* Charts.framework */ = {isa = PBXFileReference; explicitFileType = wrapper.framework; path = Charts.framework; sourceTree = BUILT_PRODUCTS_DIR; };
		02AFC529200713A900D93425 /* Position.swift */ = {isa = PBXFileReference; lastKnownFileType = sourcecode.swift; path = Position.swift; sourceTree = "<group>"; };
		02AFC52B200713B800D93425 /* Portfolio.swift */ = {isa = PBXFileReference; lastKnownFileType = sourcecode.swift; path = Portfolio.swift; sourceTree = "<group>"; };
		02BB1D111FC7A6BB001DEC45 /* SideBarVC.swift */ = {isa = PBXFileReference; lastKnownFileType = sourcecode.swift; path = SideBarVC.swift; sourceTree = "<group>"; };
		02C0A9791FB7CA8700039603 /* betterInvestor-Bridging-Header.h */ = {isa = PBXFileReference; lastKnownFileType = sourcecode.c.h; path = "betterInvestor-Bridging-Header.h"; sourceTree = "<group>"; };
		02C0A97A1FB7CA8700039603 /* HalfPieChartViewController.h */ = {isa = PBXFileReference; fileEncoding = 4; lastKnownFileType = sourcecode.c.h; name = HalfPieChartViewController.h; path = betterInvestor/ChartsExtension/HalfPieChartViewController.h; sourceTree = SOURCE_ROOT; };
		02C0A97B1FB7CA8700039603 /* HalfPieChartViewController.m */ = {isa = PBXFileReference; fileEncoding = 4; lastKnownFileType = sourcecode.c.objc; name = HalfPieChartViewController.m; path = betterInvestor/ChartsExtension/HalfPieChartViewController.m; sourceTree = SOURCE_ROOT; };
		02C0A97C1FB7CA8700039603 /* HalfPieChartViewController.xib */ = {isa = PBXFileReference; fileEncoding = 4; lastKnownFileType = file.xib; name = HalfPieChartViewController.xib; path = betterInvestor/ChartsExtension/HalfPieChartViewController.xib; sourceTree = SOURCE_ROOT; };
		02C0A97F1FB7CB3300039603 /* ChartBaseViewController.h */ = {isa = PBXFileReference; fileEncoding = 4; lastKnownFileType = sourcecode.c.h; name = ChartBaseViewController.h; path = betterInvestor/ChartsExtension/ChartBaseViewController.h; sourceTree = SOURCE_ROOT; };
		02C0A9801FB7CB3300039603 /* ChartBaseViewController.m */ = {isa = PBXFileReference; fileEncoding = 4; lastKnownFileType = sourcecode.c.objc; name = ChartBaseViewController.m; path = betterInvestor/ChartsExtension/ChartBaseViewController.m; sourceTree = SOURCE_ROOT; };
		02EC9DBA20462FB000FB2686 /* Ranking.swift */ = {isa = PBXFileReference; lastKnownFileType = sourcecode.swift; path = Ranking.swift; sourceTree = "<group>"; };
		02F0AEC9201C1D29003E4C93 /* SymbolSearchVC.swift */ = {isa = PBXFileReference; lastKnownFileType = sourcecode.swift; path = SymbolSearchVC.swift; sourceTree = "<group>"; };
		02F0AECB201CEA93003E4C93 /* Symbol.swift */ = {isa = PBXFileReference; lastKnownFileType = sourcecode.swift; path = Symbol.swift; sourceTree = "<group>"; };
		02F0AECD201D1326003E4C93 /* RootNavigationVC.swift */ = {isa = PBXFileReference; lastKnownFileType = sourcecode.swift; path = RootNavigationVC.swift; sourceTree = "<group>"; };
		02F4D4F2206C9DA80083996F /* symbols.plist */ = {isa = PBXFileReference; fileEncoding = 4; lastKnownFileType = text.plist.xml; path = symbols.plist; sourceTree = "<group>"; };
		0E4F5CA53F34458F1F8C2ACB /* Pods_betterInvestorTests.framework */ = {isa = PBXFileReference; explicitFileType = wrapper.framework; includeInIndex = 0; path = Pods_betterInvestorTests.framework; sourceTree = BUILT_PRODUCTS_DIR; };
		110476187F5C48E4B0BAEDC7 /* Pods-betterInvestorTests.debug.xcconfig */ = {isa = PBXFileReference; includeInIndex = 1; lastKnownFileType = text.xcconfig; name = "Pods-betterInvestorTests.debug.xcconfig"; path = "Pods/Target Support Files/Pods-betterInvestorTests/Pods-betterInvestorTests.debug.xcconfig"; sourceTree = "<group>"; };
		3038C3B7D4343F74E045D1B2 /* Pods-betterInvestor.debug.xcconfig */ = {isa = PBXFileReference; includeInIndex = 1; lastKnownFileType = text.xcconfig; name = "Pods-betterInvestor.debug.xcconfig"; path = "Pods/Target Support Files/Pods-betterInvestor/Pods-betterInvestor.debug.xcconfig"; sourceTree = "<group>"; };
		5E3FFF2D1F174049891BCA0E /* Pods-betterInvestorTests.release.xcconfig */ = {isa = PBXFileReference; includeInIndex = 1; lastKnownFileType = text.xcconfig; name = "Pods-betterInvestorTests.release.xcconfig"; path = "Pods/Target Support Files/Pods-betterInvestorTests/Pods-betterInvestorTests.release.xcconfig"; sourceTree = "<group>"; };
		7466AEA25E3962D03E0F240D /* Pods-betterInvestorUITests.debug.xcconfig */ = {isa = PBXFileReference; includeInIndex = 1; lastKnownFileType = text.xcconfig; name = "Pods-betterInvestorUITests.debug.xcconfig"; path = "Pods/Target Support Files/Pods-betterInvestorUITests/Pods-betterInvestorUITests.debug.xcconfig"; sourceTree = "<group>"; };
		82FE64B03713B4A11E299B34 /* Pods_smarterInvestor.framework */ = {isa = PBXFileReference; explicitFileType = wrapper.framework; includeInIndex = 0; path = Pods_smarterInvestor.framework; sourceTree = BUILT_PRODUCTS_DIR; };
		9A192DEFB55C11C68A71F6DA /* Pods_betterInvestorUITests.framework */ = {isa = PBXFileReference; explicitFileType = wrapper.framework; includeInIndex = 0; path = Pods_betterInvestorUITests.framework; sourceTree = BUILT_PRODUCTS_DIR; };
		A023F436B257CFC3A57F1C79 /* Pods_betterInvestor.framework */ = {isa = PBXFileReference; explicitFileType = wrapper.framework; includeInIndex = 0; path = Pods_betterInvestor.framework; sourceTree = BUILT_PRODUCTS_DIR; };
		A963AC4258E3734E5078D311 /* Pods-smarterInvestor.release.xcconfig */ = {isa = PBXFileReference; includeInIndex = 1; lastKnownFileType = text.xcconfig; name = "Pods-smarterInvestor.release.xcconfig"; path = "Pods/Target Support Files/Pods-smarterInvestor/Pods-smarterInvestor.release.xcconfig"; sourceTree = "<group>"; };
		A99CFDC8D3985A391C82BF29 /* Pods-betterInvestor.release.xcconfig */ = {isa = PBXFileReference; includeInIndex = 1; lastKnownFileType = text.xcconfig; name = "Pods-betterInvestor.release.xcconfig"; path = "Pods/Target Support Files/Pods-betterInvestor/Pods-betterInvestor.release.xcconfig"; sourceTree = "<group>"; };
		AB73A7BEA659790FA1F2E46A /* Pods-smarterInvestor.debug.xcconfig */ = {isa = PBXFileReference; includeInIndex = 1; lastKnownFileType = text.xcconfig; name = "Pods-smarterInvestor.debug.xcconfig"; path = "Pods/Target Support Files/Pods-smarterInvestor/Pods-smarterInvestor.debug.xcconfig"; sourceTree = "<group>"; };
		E1070D5772089A52466C4F96 /* Pods-betterInvestorUITests.release.xcconfig */ = {isa = PBXFileReference; includeInIndex = 1; lastKnownFileType = text.xcconfig; name = "Pods-betterInvestorUITests.release.xcconfig"; path = "Pods/Target Support Files/Pods-betterInvestorUITests/Pods-betterInvestorUITests.release.xcconfig"; sourceTree = "<group>"; };
/* End PBXFileReference section */

/* Begin PBXFrameworksBuildPhase section */
		0203FC021F99741B007FE62A /* Frameworks */ = {
			isa = PBXFrameworksBuildPhase;
			buildActionMask = 2147483647;
			files = (
				0240361C1FCD1B2D00935411 /* Bolts.framework in Frameworks */,
				0228190B1FCD18C00098F619 /* FBSDKShareKit.framework in Frameworks */,
				022819071FCD185A0098F619 /* FBSDKLoginKit.framework in Frameworks */,
				028C9BEC1FE8B88A003966F8 /* Alamofire.framework in Frameworks */,
				022819011FCD17590098F619 /* FacebookLogin.framework in Frameworks */,
				022818FF1FCD17410098F619 /* FacebookCore.framework in Frameworks */,
				028C9BEE1FE8B8D2003966F8 /* SwiftyJSON.framework in Frameworks */,
				022819051FCD17E60098F619 /* FBSDKCoreKit.framework in Frameworks */,
				022819031FCD17850098F619 /* FacebookShare.framework in Frameworks */,
				DDD36C023DCA4D54653F569E /* Pods_betterInvestor.framework in Frameworks */,
			);
			runOnlyForDeploymentPostprocessing = 0;
		};
		0203FC161F99741B007FE62A /* Frameworks */ = {
			isa = PBXFrameworksBuildPhase;
			buildActionMask = 2147483647;
			files = (
				BCB5193498B7ABB0AEC0BB1A /* Pods_betterInvestorTests.framework in Frameworks */,
			);
			runOnlyForDeploymentPostprocessing = 0;
		};
		0203FC211F99741C007FE62A /* Frameworks */ = {
			isa = PBXFrameworksBuildPhase;
			buildActionMask = 2147483647;
			files = (
				A3D2E471C36F83007EB07CAF /* Pods_betterInvestorUITests.framework in Frameworks */,
			);
			runOnlyForDeploymentPostprocessing = 0;
		};
/* End PBXFrameworksBuildPhase section */

/* Begin PBXGroup section */
		0203FBFC1F99741B007FE62A = {
			isa = PBXGroup;
			children = (
				02F4D4F2206C9DA80083996F /* symbols.plist */,
				028C9C071FEA22E8003966F8 /* app_config.plist */,
				028ED07D1FAE4E6500ABE2CD /* GoogleService-Info.plist */,
				02A844381FB01C5A00D4935D /* Icons.xcassets */,
				0203FC071F99741B007FE62A /* betterInvestor */,
				0203FC1C1F99741B007FE62A /* betterInvestorTests */,
				0203FC271F99741C007FE62A /* betterInvestorUITests */,
				0203FC061F99741B007FE62A /* Products */,
				AA582B415C5810D7C728D004 /* Frameworks */,
				3566C679BF1E5C40EF164B28 /* Pods */,
			);
			sourceTree = "<group>";
		};
		0203FC061F99741B007FE62A /* Products */ = {
			isa = PBXGroup;
			children = (
				0203FC051F99741B007FE62A /* betterInvestor.app */,
				0203FC191F99741B007FE62A /* betterInvestorTests.xctest */,
				0203FC241F99741C007FE62A /* betterInvestorUITests.xctest */,
			);
			name = Products;
			sourceTree = "<group>";
		};
		0203FC071F99741B007FE62A /* betterInvestor */ = {
			isa = PBXGroup;
			children = (
				02C0A9791FB7CA8700039603 /* betterInvestor-Bridging-Header.h */,
				0203FC0C1F99741B007FE62A /* Main.storyboard */,
				0203FC081F99741B007FE62A /* AppDelegate.swift */,
				02657D2F204237D2008A8159 /* facebook */,
				028C9C001FEA1CFD003966F8 /* Model */,
				025DD9811FE8AC1F00720099 /* Network */,
				02A844341FAFD47E00D4935D /* ViewControllers */,
				02A844351FAFD4D100D4935D /* Cells */,
				0245A7051FB8FE6000BB185D /* ChartsExtension */,
				0203FC0F1F99741B007FE62A /* Assets.xcassets */,
				0203FC111F99741B007FE62A /* LaunchScreen.storyboard */,
				0203FC141F99741B007FE62A /* Info.plist */,
				0258C2E91FBD4E0E003FC621 /* Stub.swift */,
				0258C2EB1FBD51B5003FC621 /* Constants.swift */,
			);
			path = betterInvestor;
			sourceTree = "<group>";
		};
		0203FC1C1F99741B007FE62A /* betterInvestorTests */ = {
			isa = PBXGroup;
			children = (
				0203FC1D1F99741B007FE62A /* betterInvestorTests.swift */,
				0203FC1F1F99741B007FE62A /* Info.plist */,
			);
			path = betterInvestorTests;
			sourceTree = "<group>";
		};
		0203FC271F99741C007FE62A /* betterInvestorUITests */ = {
			isa = PBXGroup;
			children = (
				0203FC281F99741C007FE62A /* betterInvestorUITests.swift */,
				0203FC2A1F99741C007FE62A /* Info.plist */,
			);
			path = betterInvestorUITests;
			sourceTree = "<group>";
		};
		0245A7051FB8FE6000BB185D /* ChartsExtension */ = {
			isa = PBXGroup;
			children = (
				02C0A97F1FB7CB3300039603 /* ChartBaseViewController.h */,
				02C0A9801FB7CB3300039603 /* ChartBaseViewController.m */,
				02C0A97A1FB7CA8700039603 /* HalfPieChartViewController.h */,
				02C0A97B1FB7CA8700039603 /* HalfPieChartViewController.m */,
				02C0A97C1FB7CA8700039603 /* HalfPieChartViewController.xib */,
				0258C2E21FBC01E1003FC621 /* LineChart1ViewController.h */,
				0258C2DF1FBC01E1003FC621 /* LineChart1ViewController.m */,
				0258C2E31FBC01E1003FC621 /* LineChart1ViewController.xib */,
			);
			path = ChartsExtension;
			sourceTree = "<group>";
		};
		025DD9811FE8AC1F00720099 /* Network */ = {
			isa = PBXGroup;
			children = (
				025DD9841FE8AC3900720099 /* RequestGenerator.swift */,
				025DD9861FE8AC4900720099 /* ResponseParser.swift */,
			);
			path = Network;
			sourceTree = "<group>";
		};
		02657D2F204237D2008A8159 /* facebook */ = {
			isa = PBXGroup;
			children = (
				02657D30204237FE008A8159 /* FbDataManager.swift */,
			);
			path = facebook;
			sourceTree = "<group>";
		};
		028C9C001FEA1CFD003966F8 /* Model */ = {
			isa = PBXGroup;
			children = (
				028C9C031FEA1D0E003966F8 /* User.swift */,
				02AFC529200713A900D93425 /* Position.swift */,
				02AFC52B200713B800D93425 /* Portfolio.swift */,
				02879E6A20088688002E8AE1 /* Market.swift */,
				02879E6C2008874A002E8AE1 /* Quote.swift */,
				02F0AECB201CEA93003E4C93 /* Symbol.swift */,
				02EC9DBA20462FB000FB2686 /* Ranking.swift */,
				024B302B204AF32B004FD23D /* GainHistoryItem.swift */,
				024B302D204C47DE004FD23D /* GainHistoryFilter.swift */,
				02AC3A36205A04B90010CCCF /* Holder.swift */,
			);
			path = Model;
			sourceTree = "<group>";
		};
		02A844341FAFD47E00D4935D /* ViewControllers */ = {
			isa = PBXGroup;
			children = (
				0203FC0A1F99741B007FE62A /* MasterVC.swift */,
				02A7176A1FB3E13400289BCD /* RankingTableVC.swift */,
				0258C2F71FC3F141003FC621 /* StockHoldersVC.swift */,
				02BB1D111FC7A6BB001DEC45 /* SideBarVC.swift */,
				022818F31FCA31A80098F619 /* ProductVC.swift */,
				022818F51FCB270B0098F619 /* ReferVC.swift */,
				0240361E1FCD237A00935411 /* LoginViewController.swift */,
				02F0AEC9201C1D29003E4C93 /* SymbolSearchVC.swift */,
				0258C2F31FC3E8F8003FC621 /* StockVC.swift */,
				02F0AECD201D1326003E4C93 /* RootNavigationVC.swift */,
				02327C5C2022B40700F2B1B8 /* BuySellVC.swift */,
				02ADE02C2050BB9300A89C15 /* FriendPortfolioVC.swift */,
				02AC3A3A205A07F20010CCCF /* HoldersVC.swift */,
			);
			path = ViewControllers;
			sourceTree = "<group>";
		};
		02A844351FAFD4D100D4935D /* Cells */ = {
			isa = PBXGroup;
			children = (
				02A844361FAFD4FA00D4935D /* PortfolioCell.swift */,
				02A7176C1FB4187300289BCD /* RankingCell.swift */,
				0237B0371FC8F780008075D3 /* MenuTableViewCell.swift */,
				022818ED1FCA2E300098F619 /* MenuHeaderCell.swift */,
				022818F11FCA310D0098F619 /* ProductCell.swift */,
				022818F71FCB27D60098F619 /* ReferCell.swift */,
				02327C5820201A7800F2B1B8 /* StockActionCell.swift */,
				02327C5A20201AE000F2B1B8 /* StockInfoCell.swift */,
				02327C602022B5C800F2B1B8 /* TrxActionCell.swift */,
				02327C622022B6F300F2B1B8 /* TrxInputCell.swift */,
				0222D8172026563700A80C53 /* PortfolioSummaryCell.swift */,
				02327C5E2022B5B000F2B1B8 /* TrxInfoCell.swift */,
				02AC3A3C205B5C450010CCCF /* HolderCell.swift */,
			);
			path = Cells;
			sourceTree = "<group>";
		};
		3566C679BF1E5C40EF164B28 /* Pods */ = {
			isa = PBXGroup;
			children = (
				3038C3B7D4343F74E045D1B2 /* Pods-betterInvestor.debug.xcconfig */,
				A99CFDC8D3985A391C82BF29 /* Pods-betterInvestor.release.xcconfig */,
				7466AEA25E3962D03E0F240D /* Pods-betterInvestorUITests.debug.xcconfig */,
				E1070D5772089A52466C4F96 /* Pods-betterInvestorUITests.release.xcconfig */,
				AB73A7BEA659790FA1F2E46A /* Pods-smarterInvestor.debug.xcconfig */,
				A963AC4258E3734E5078D311 /* Pods-smarterInvestor.release.xcconfig */,
				110476187F5C48E4B0BAEDC7 /* Pods-betterInvestorTests.debug.xcconfig */,
				5E3FFF2D1F174049891BCA0E /* Pods-betterInvestorTests.release.xcconfig */,
			);
			name = Pods;
			sourceTree = "<group>";
		};
		AA582B415C5810D7C728D004 /* Frameworks */ = {
			isa = PBXGroup;
			children = (
				02AFC5252001542E00D93425 /* Charts.framework */,
				028C9BED1FE8B8D2003966F8 /* SwiftyJSON.framework */,
				028C9BE91FE8B88A003966F8 /* Alamofire.framework */,
				0240361B1FCD1B2D00935411 /* Bolts.framework */,
				0228190A1FCD18C00098F619 /* FBSDKShareKit.framework */,
				022819061FCD185A0098F619 /* FBSDKLoginKit.framework */,
				022819041FCD17E60098F619 /* FBSDKCoreKit.framework */,
				022819021FCD17850098F619 /* FacebookShare.framework */,
				022819001FCD17590098F619 /* FacebookLogin.framework */,
				022818FC1FCD17410098F619 /* FacebookCore.framework */,
				A023F436B257CFC3A57F1C79 /* Pods_betterInvestor.framework */,
				0E4F5CA53F34458F1F8C2ACB /* Pods_betterInvestorTests.framework */,
				9A192DEFB55C11C68A71F6DA /* Pods_betterInvestorUITests.framework */,
				82FE64B03713B4A11E299B34 /* Pods_smarterInvestor.framework */,
			);
			name = Frameworks;
			sourceTree = "<group>";
		};
/* End PBXGroup section */

/* Begin PBXNativeTarget section */
		0203FC041F99741B007FE62A /* betterInvestor */ = {
			isa = PBXNativeTarget;
			buildConfigurationList = 0203FC2D1F99741C007FE62A /* Build configuration list for PBXNativeTarget "betterInvestor" */;
			buildPhases = (
				556DB43B698B6977CB2A2E89 /* [CP] Check Pods Manifest.lock */,
				0203FC011F99741B007FE62A /* Sources */,
				0203FC021F99741B007FE62A /* Frameworks */,
				0203FC031F99741B007FE62A /* Resources */,
				DF731376104DA535800D911E /* [CP] Embed Pods Frameworks */,
				3516A2208DDC5C16248DD61A /* [CP] Copy Pods Resources */,
				0240361D1FCD1CAC00935411 /* ShellScript */,
				028C9BF01FE8B9E2003966F8 /* Copy Files */,
			);
			buildRules = (
			);
			dependencies = (
			);
			name = betterInvestor;
			productName = betterInvestor;
			productReference = 0203FC051F99741B007FE62A /* betterInvestor.app */;
			productType = "com.apple.product-type.application";
		};
		0203FC181F99741B007FE62A /* betterInvestorTests */ = {
			isa = PBXNativeTarget;
			buildConfigurationList = 0203FC301F99741C007FE62A /* Build configuration list for PBXNativeTarget "betterInvestorTests" */;
			buildPhases = (
				2B66808A9F13611BB56781E8 /* [CP] Check Pods Manifest.lock */,
				0203FC151F99741B007FE62A /* Sources */,
				0203FC161F99741B007FE62A /* Frameworks */,
				0203FC171F99741B007FE62A /* Resources */,
				880459F0320CD654BF69C220 /* [CP] Embed Pods Frameworks */,
				A4561CB7BB3EF9B5AD6AC8A5 /* [CP] Copy Pods Resources */,
			);
			buildRules = (
			);
			dependencies = (
				0203FC1B1F99741B007FE62A /* PBXTargetDependency */,
			);
			name = betterInvestorTests;
			productName = betterInvestorTests;
			productReference = 0203FC191F99741B007FE62A /* betterInvestorTests.xctest */;
			productType = "com.apple.product-type.bundle.unit-test";
		};
		0203FC231F99741C007FE62A /* betterInvestorUITests */ = {
			isa = PBXNativeTarget;
			buildConfigurationList = 0203FC331F99741C007FE62A /* Build configuration list for PBXNativeTarget "betterInvestorUITests" */;
			buildPhases = (
				FF3A95CAD5C7FD4557ECC7F3 /* [CP] Check Pods Manifest.lock */,
				0203FC201F99741C007FE62A /* Sources */,
				0203FC211F99741C007FE62A /* Frameworks */,
				0203FC221F99741C007FE62A /* Resources */,
				CEE7DDCE13299390EDEF0998 /* [CP] Embed Pods Frameworks */,
				863E9419C2F233E5865B0EC4 /* [CP] Copy Pods Resources */,
			);
			buildRules = (
			);
			dependencies = (
				0203FC261F99741C007FE62A /* PBXTargetDependency */,
			);
			name = betterInvestorUITests;
			productName = betterInvestorUITests;
			productReference = 0203FC241F99741C007FE62A /* betterInvestorUITests.xctest */;
			productType = "com.apple.product-type.bundle.ui-testing";
		};
/* End PBXNativeTarget section */

/* Begin PBXProject section */
		0203FBFD1F99741B007FE62A /* Project object */ = {
			isa = PBXProject;
			attributes = {
				LastSwiftUpdateCheck = 0900;
				LastUpgradeCheck = 0900;
				ORGANIZATIONNAME = Ron;
				TargetAttributes = {
					0203FC041F99741B007FE62A = {
						CreatedOnToolsVersion = 9.0.1;
						LastSwiftMigration = 0910;
						ProvisioningStyle = Automatic;
					};
					0203FC181F99741B007FE62A = {
						CreatedOnToolsVersion = 9.0.1;
						ProvisioningStyle = Manual;
						TestTargetID = 0203FC041F99741B007FE62A;
					};
					0203FC231F99741C007FE62A = {
						CreatedOnToolsVersion = 9.0.1;
						ProvisioningStyle = Manual;
						TestTargetID = 0203FC041F99741B007FE62A;
					};
				};
			};
			buildConfigurationList = 0203FC001F99741B007FE62A /* Build configuration list for PBXProject "betterInvestor" */;
			compatibilityVersion = "Xcode 8.0";
			developmentRegion = en;
			hasScannedForEncodings = 0;
			knownRegions = (
				en,
				Base,
			);
			mainGroup = 0203FBFC1F99741B007FE62A;
			productRefGroup = 0203FC061F99741B007FE62A /* Products */;
			projectDirPath = "";
			projectRoot = "";
			targets = (
				0203FC041F99741B007FE62A /* betterInvestor */,
				0203FC181F99741B007FE62A /* betterInvestorTests */,
				0203FC231F99741C007FE62A /* betterInvestorUITests */,
			);
		};
/* End PBXProject section */

/* Begin PBXResourcesBuildPhase section */
		0203FC031F99741B007FE62A /* Resources */ = {
			isa = PBXResourcesBuildPhase;
			buildActionMask = 2147483647;
			files = (
				02F4D4F3206C9DA80083996F /* symbols.plist in Resources */,
				028C9C081FEA22E8003966F8 /* app_config.plist in Resources */,
				0203FC131F99741B007FE62A /* LaunchScreen.storyboard in Resources */,
				0258C2E51FBC01E1003FC621 /* LineChart1ViewController.xib in Resources */,
				02C0A97E1FB7CA8700039603 /* HalfPieChartViewController.xib in Resources */,
				028ED07E1FAE4E6500ABE2CD /* GoogleService-Info.plist in Resources */,
				0203FC101F99741B007FE62A /* Assets.xcassets in Resources */,
				0203FC0E1F99741B007FE62A /* Main.storyboard in Resources */,
				02A844391FB01C5A00D4935D /* Icons.xcassets in Resources */,
			);
			runOnlyForDeploymentPostprocessing = 0;
		};
		0203FC171F99741B007FE62A /* Resources */ = {
			isa = PBXResourcesBuildPhase;
			buildActionMask = 2147483647;
			files = (
			);
			runOnlyForDeploymentPostprocessing = 0;
		};
		0203FC221F99741C007FE62A /* Resources */ = {
			isa = PBXResourcesBuildPhase;
			buildActionMask = 2147483647;
			files = (
			);
			runOnlyForDeploymentPostprocessing = 0;
		};
/* End PBXResourcesBuildPhase section */

/* Begin PBXShellScriptBuildPhase section */
		0240361D1FCD1CAC00935411 /* ShellScript */ = {
			isa = PBXShellScriptBuildPhase;
			buildActionMask = 2147483647;
			files = (
			);
			inputPaths = (
				"$(SRCROOT)/Carthage/Build/iOS/FacebookCore.framework",
				"$(SRCROOT)/Carthage/Build/iOS/FBSDKCoreKit.framework",
				"$(SRCROOT)/Carthage/Build/iOS/Bolts.framework",
				"$(SRCROOT)/Carthage/Build/iOS/FacebookLogin.framework",
				"$(SRCROOT)/Carthage/Build/iOS/FacebookShare.framework",
				"$(SRCROOT)/Carthage/Build/iOS/FBSDKLoginKit.framework",
				"$(SRCROOT)/Carthage/Build/iOS/FBSDKShareKit.framework",
			);
			outputPaths = (
			);
			runOnlyForDeploymentPostprocessing = 0;
			shellPath = /bin/sh;
			shellScript = "/usr/local/bin/carthage copy-frameworks";
		};
		2B66808A9F13611BB56781E8 /* [CP] Check Pods Manifest.lock */ = {
			isa = PBXShellScriptBuildPhase;
			buildActionMask = 2147483647;
			files = (
			);
			inputPaths = (
				"${PODS_PODFILE_DIR_PATH}/Podfile.lock",
				"${PODS_ROOT}/Manifest.lock",
			);
			name = "[CP] Check Pods Manifest.lock";
			outputPaths = (
				"$(DERIVED_FILE_DIR)/Pods-betterInvestorTests-checkManifestLockResult.txt",
			);
			runOnlyForDeploymentPostprocessing = 0;
			shellPath = /bin/sh;
			shellScript = "diff \"${PODS_PODFILE_DIR_PATH}/Podfile.lock\" \"${PODS_ROOT}/Manifest.lock\" > /dev/null\nif [ $? != 0 ] ; then\n    # print error to STDERR\n    echo \"error: The sandbox is not in sync with the Podfile.lock. Run 'pod install' or update your CocoaPods installation.\" >&2\n    exit 1\nfi\n# This output is used by Xcode 'outputs' to avoid re-running this script phase.\necho \"SUCCESS\" > \"${SCRIPT_OUTPUT_FILE_0}\"\n";
			showEnvVarsInLog = 0;
		};
		3516A2208DDC5C16248DD61A /* [CP] Copy Pods Resources */ = {
			isa = PBXShellScriptBuildPhase;
			buildActionMask = 2147483647;
			files = (
			);
			inputPaths = (
			);
			name = "[CP] Copy Pods Resources";
			outputPaths = (
			);
			runOnlyForDeploymentPostprocessing = 0;
			shellPath = /bin/sh;
			shellScript = "\"${SRCROOT}/Pods/Target Support Files/Pods-betterInvestor/Pods-betterInvestor-resources.sh\"\n";
			showEnvVarsInLog = 0;
		};
		556DB43B698B6977CB2A2E89 /* [CP] Check Pods Manifest.lock */ = {
			isa = PBXShellScriptBuildPhase;
			buildActionMask = 8;
			files = (
			);
			inputPaths = (
				"${PODS_PODFILE_DIR_PATH}/Podfile.lock",
				"${PODS_ROOT}/Manifest.lock",
			);
			name = "[CP] Check Pods Manifest.lock";
			outputPaths = (
				"$(DERIVED_FILE_DIR)/Pods-betterInvestor-checkManifestLockResult.txt",
			);
			runOnlyForDeploymentPostprocessing = 1;
			shellPath = /bin/sh;
			shellScript = "diff \"${PODS_PODFILE_DIR_PATH}/Podfile.lock\" \"${PODS_ROOT}/Manifest.lock\" > /dev/null\nif [ $? != 0 ] ; then\n    # print error to STDERR\n    echo \"error: The sandbox is not in sync with the Podfile.lock. Run 'pod install' or update your CocoaPods installation.\" >&2\n    exit 1\nfi\n# This output is used by Xcode 'outputs' to avoid re-running this script phase.\necho \"SUCCESS\" > \"${SCRIPT_OUTPUT_FILE_0}\"\n";
			showEnvVarsInLog = 0;
		};
		863E9419C2F233E5865B0EC4 /* [CP] Copy Pods Resources */ = {
			isa = PBXShellScriptBuildPhase;
			buildActionMask = 2147483647;
			files = (
			);
			inputPaths = (
			);
			name = "[CP] Copy Pods Resources";
			outputPaths = (
			);
			runOnlyForDeploymentPostprocessing = 0;
			shellPath = /bin/sh;
			shellScript = "\"${SRCROOT}/Pods/Target Support Files/Pods-betterInvestorUITests/Pods-betterInvestorUITests-resources.sh\"\n";
			showEnvVarsInLog = 0;
		};
		880459F0320CD654BF69C220 /* [CP] Embed Pods Frameworks */ = {
			isa = PBXShellScriptBuildPhase;
			buildActionMask = 2147483647;
			files = (
			);
			inputPaths = (
			);
			name = "[CP] Embed Pods Frameworks";
			outputPaths = (
			);
			runOnlyForDeploymentPostprocessing = 0;
			shellPath = /bin/sh;
			shellScript = "\"${SRCROOT}/Pods/Target Support Files/Pods-betterInvestorTests/Pods-betterInvestorTests-frameworks.sh\"\n";
			showEnvVarsInLog = 0;
		};
		A4561CB7BB3EF9B5AD6AC8A5 /* [CP] Copy Pods Resources */ = {
			isa = PBXShellScriptBuildPhase;
			buildActionMask = 2147483647;
			files = (
			);
			inputPaths = (
			);
			name = "[CP] Copy Pods Resources";
			outputPaths = (
			);
			runOnlyForDeploymentPostprocessing = 0;
			shellPath = /bin/sh;
			shellScript = "\"${SRCROOT}/Pods/Target Support Files/Pods-betterInvestorTests/Pods-betterInvestorTests-resources.sh\"\n";
			showEnvVarsInLog = 0;
		};
		CEE7DDCE13299390EDEF0998 /* [CP] Embed Pods Frameworks */ = {
			isa = PBXShellScriptBuildPhase;
			buildActionMask = 2147483647;
			files = (
			);
			inputPaths = (
			);
			name = "[CP] Embed Pods Frameworks";
			outputPaths = (
			);
			runOnlyForDeploymentPostprocessing = 0;
			shellPath = /bin/sh;
			shellScript = "\"${SRCROOT}/Pods/Target Support Files/Pods-betterInvestorUITests/Pods-betterInvestorUITests-frameworks.sh\"\n";
			showEnvVarsInLog = 0;
		};
		DF731376104DA535800D911E /* [CP] Embed Pods Frameworks */ = {
			isa = PBXShellScriptBuildPhase;
			buildActionMask = 2147483647;
			files = (
			);
			inputPaths = (
				"${SRCROOT}/Pods/Target Support Files/Pods-betterInvestor/Pods-betterInvestor-frameworks.sh",
				"${BUILT_PRODUCTS_DIR}/Charts/Charts.framework",
				"${BUILT_PRODUCTS_DIR}/GoogleToolboxForMac/GoogleToolboxForMac.framework",
				"${BUILT_PRODUCTS_DIR}/SideMenu/SideMenu.framework",
				"${BUILT_PRODUCTS_DIR}/nanopb/nanopb.framework",
			);
			name = "[CP] Embed Pods Frameworks";
			outputPaths = (
				"${TARGET_BUILD_DIR}/${FRAMEWORKS_FOLDER_PATH}/Charts.framework",
				"${TARGET_BUILD_DIR}/${FRAMEWORKS_FOLDER_PATH}/GoogleToolboxForMac.framework",
				"${TARGET_BUILD_DIR}/${FRAMEWORKS_FOLDER_PATH}/SideMenu.framework",
				"${TARGET_BUILD_DIR}/${FRAMEWORKS_FOLDER_PATH}/nanopb.framework",
			);
			runOnlyForDeploymentPostprocessing = 0;
			shellPath = /bin/sh;
			shellScript = "\"${SRCROOT}/Pods/Target Support Files/Pods-betterInvestor/Pods-betterInvestor-frameworks.sh\"\n";
			showEnvVarsInLog = 0;
		};
		FF3A95CAD5C7FD4557ECC7F3 /* [CP] Check Pods Manifest.lock */ = {
			isa = PBXShellScriptBuildPhase;
			buildActionMask = 2147483647;
			files = (
			);
			inputPaths = (
				"${PODS_PODFILE_DIR_PATH}/Podfile.lock",
				"${PODS_ROOT}/Manifest.lock",
			);
			name = "[CP] Check Pods Manifest.lock";
			outputPaths = (
				"$(DERIVED_FILE_DIR)/Pods-betterInvestorUITests-checkManifestLockResult.txt",
			);
			runOnlyForDeploymentPostprocessing = 0;
			shellPath = /bin/sh;
			shellScript = "diff \"${PODS_PODFILE_DIR_PATH}/Podfile.lock\" \"${PODS_ROOT}/Manifest.lock\" > /dev/null\nif [ $? != 0 ] ; then\n    # print error to STDERR\n    echo \"error: The sandbox is not in sync with the Podfile.lock. Run 'pod install' or update your CocoaPods installation.\" >&2\n    exit 1\nfi\n# This output is used by Xcode 'outputs' to avoid re-running this script phase.\necho \"SUCCESS\" > \"${SCRIPT_OUTPUT_FILE_0}\"\n";
			showEnvVarsInLog = 0;
		};
/* End PBXShellScriptBuildPhase section */

/* Begin PBXSourcesBuildPhase section */
		0203FC011F99741B007FE62A /* Sources */ = {
			isa = PBXSourcesBuildPhase;
			buildActionMask = 2147483647;
			files = (
				0203FC0B1F99741B007FE62A /* MasterVC.swift in Sources */,
				02879E6B20088688002E8AE1 /* Market.swift in Sources */,
				02AC3A3B205A07F20010CCCF /* HoldersVC.swift in Sources */,
				02327C5920201A7800F2B1B8 /* StockActionCell.swift in Sources */,
				0258C2E41FBC01E1003FC621 /* LineChart1ViewController.m in Sources */,
				0237B0381FC8F780008075D3 /* MenuTableViewCell.swift in Sources */,
				02ADE02D2050BB9300A89C15 /* FriendPortfolioVC.swift in Sources */,
				0258C2F41FC3E8F8003FC621 /* StockVC.swift in Sources */,
				0258C2D91FB90B52003FC621 /* HalfPieChartViewController.m in Sources */,
				02BB1D121FC7A6BB001DEC45 /* SideBarVC.swift in Sources */,
				02A844371FAFD4FA00D4935D /* PortfolioCell.swift in Sources */,
				02A7176B1FB3E13400289BCD /* RankingTableVC.swift in Sources */,
				0240361F1FCD237A00935411 /* LoginViewController.swift in Sources */,
				02F0AECE201D1326003E4C93 /* RootNavigationVC.swift in Sources */,
				02327C612022B5C800F2B1B8 /* TrxActionCell.swift in Sources */,
				0222D8182026563700A80C53 /* PortfolioSummaryCell.swift in Sources */,
				025DD9871FE8AC4900720099 /* ResponseParser.swift in Sources */,
				02327C5D2022B40700F2B1B8 /* BuySellVC.swift in Sources */,
				0258C2EC1FBD51B5003FC621 /* Constants.swift in Sources */,
				022818F61FCB270B0098F619 /* ReferVC.swift in Sources */,
				022818EE1FCA2E300098F619 /* MenuHeaderCell.swift in Sources */,
				025DD9851FE8AC3900720099 /* RequestGenerator.swift in Sources */,
				02AFC52C200713B800D93425 /* Portfolio.swift in Sources */,
				024B302C204AF32B004FD23D /* GainHistoryItem.swift in Sources */,
				02F0AECA201C1D29003E4C93 /* SymbolSearchVC.swift in Sources */,
				02AC3A3D205B5C450010CCCF /* HolderCell.swift in Sources */,
				02AFC52A200713A900D93425 /* Position.swift in Sources */,
				02657D31204237FE008A8159 /* FbDataManager.swift in Sources */,
				02AC3A37205A04B90010CCCF /* Holder.swift in Sources */,
				02A7176D1FB4187300289BCD /* RankingCell.swift in Sources */,
				0203FC091F99741B007FE62A /* AppDelegate.swift in Sources */,
				02F0AECC201CEA93003E4C93 /* Symbol.swift in Sources */,
				02327C5F2022B5B000F2B1B8 /* TrxInfoCell.swift in Sources */,
				0258C2F81FC3F141003FC621 /* StockHoldersVC.swift in Sources */,
				022818F21FCA310D0098F619 /* ProductCell.swift in Sources */,
				0258C2F11FC25580003FC621 /* ChartBaseViewController.m in Sources */,
				02EC9DBB20462FB000FB2686 /* Ranking.swift in Sources */,
				02879E6D2008874A002E8AE1 /* Quote.swift in Sources */,
				0258C2EA1FBD4E0E003FC621 /* Stub.swift in Sources */,
				022818F41FCA31A80098F619 /* ProductVC.swift in Sources */,
				022818F81FCB27D60098F619 /* ReferCell.swift in Sources */,
				02327C5B20201AE000F2B1B8 /* StockInfoCell.swift in Sources */,
				028C9C041FEA1D0E003966F8 /* User.swift in Sources */,
				024B302E204C47DE004FD23D /* GainHistoryFilter.swift in Sources */,
				02327C632022B6F300F2B1B8 /* TrxInputCell.swift in Sources */,
			);
			runOnlyForDeploymentPostprocessing = 0;
		};
		0203FC151F99741B007FE62A /* Sources */ = {
			isa = PBXSourcesBuildPhase;
			buildActionMask = 2147483647;
			files = (
				0203FC1E1F99741B007FE62A /* betterInvestorTests.swift in Sources */,
			);
			runOnlyForDeploymentPostprocessing = 0;
		};
		0203FC201F99741C007FE62A /* Sources */ = {
			isa = PBXSourcesBuildPhase;
			buildActionMask = 2147483647;
			files = (
				0203FC291F99741C007FE62A /* betterInvestorUITests.swift in Sources */,
			);
			runOnlyForDeploymentPostprocessing = 0;
		};
/* End PBXSourcesBuildPhase section */

/* Begin PBXTargetDependency section */
		0203FC1B1F99741B007FE62A /* PBXTargetDependency */ = {
			isa = PBXTargetDependency;
			target = 0203FC041F99741B007FE62A /* betterInvestor */;
			targetProxy = 0203FC1A1F99741B007FE62A /* PBXContainerItemProxy */;
		};
		0203FC261F99741C007FE62A /* PBXTargetDependency */ = {
			isa = PBXTargetDependency;
			target = 0203FC041F99741B007FE62A /* betterInvestor */;
			targetProxy = 0203FC251F99741C007FE62A /* PBXContainerItemProxy */;
		};
/* End PBXTargetDependency section */

/* Begin PBXVariantGroup section */
		0203FC0C1F99741B007FE62A /* Main.storyboard */ = {
			isa = PBXVariantGroup;
			children = (
				0203FC0D1F99741B007FE62A /* Base */,
			);
			name = Main.storyboard;
			sourceTree = "<group>";
		};
		0203FC111F99741B007FE62A /* LaunchScreen.storyboard */ = {
			isa = PBXVariantGroup;
			children = (
				0203FC121F99741B007FE62A /* Base */,
			);
			name = LaunchScreen.storyboard;
			sourceTree = "<group>";
		};
/* End PBXVariantGroup section */

/* Begin XCBuildConfiguration section */
		0203FC2B1F99741C007FE62A /* Debug */ = {
			isa = XCBuildConfiguration;
			buildSettings = {
				ALWAYS_SEARCH_USER_PATHS = NO;
				CLANG_ANALYZER_NONNULL = YES;
				CLANG_ANALYZER_NUMBER_OBJECT_CONVERSION = YES_AGGRESSIVE;
				CLANG_CXX_LANGUAGE_STANDARD = "gnu++14";
				CLANG_CXX_LIBRARY = "libc++";
				CLANG_ENABLE_MODULES = YES;
				CLANG_ENABLE_OBJC_ARC = YES;
				CLANG_WARN_BLOCK_CAPTURE_AUTORELEASING = YES;
				CLANG_WARN_BOOL_CONVERSION = YES;
				CLANG_WARN_COMMA = YES;
				CLANG_WARN_CONSTANT_CONVERSION = YES;
				CLANG_WARN_DIRECT_OBJC_ISA_USAGE = YES_ERROR;
				CLANG_WARN_DOCUMENTATION_COMMENTS = YES;
				CLANG_WARN_EMPTY_BODY = YES;
				CLANG_WARN_ENUM_CONVERSION = YES;
				CLANG_WARN_INFINITE_RECURSION = YES;
				CLANG_WARN_INT_CONVERSION = YES;
				CLANG_WARN_NON_LITERAL_NULL_CONVERSION = YES;
				CLANG_WARN_OBJC_LITERAL_CONVERSION = YES;
				CLANG_WARN_OBJC_ROOT_CLASS = YES_ERROR;
				CLANG_WARN_RANGE_LOOP_ANALYSIS = YES;
				CLANG_WARN_STRICT_PROTOTYPES = YES;
				CLANG_WARN_SUSPICIOUS_MOVE = YES;
				CLANG_WARN_UNGUARDED_AVAILABILITY = YES_AGGRESSIVE;
				CLANG_WARN_UNREACHABLE_CODE = YES;
				CLANG_WARN__DUPLICATE_METHOD_MATCH = YES;
				CODE_SIGN_IDENTITY = "iPhone Developer: Mehran Najafi (5C9NDSKQG2)";
				CODE_SIGN_STYLE = Manual;
				COPY_PHASE_STRIP = NO;
				DEBUG_INFORMATION_FORMAT = dwarf;
				DEVELOPMENT_TEAM = Q79878SPU6;
				ENABLE_STRICT_OBJC_MSGSEND = YES;
				ENABLE_TESTABILITY = YES;
				GCC_C_LANGUAGE_STANDARD = gnu11;
				GCC_DYNAMIC_NO_PIC = NO;
				GCC_NO_COMMON_BLOCKS = YES;
				GCC_OPTIMIZATION_LEVEL = 0;
				GCC_PREPROCESSOR_DEFINITIONS = (
					"DEBUG=1",
					"$(inherited)",
				);
				GCC_WARN_64_TO_32_BIT_CONVERSION = YES;
				GCC_WARN_ABOUT_RETURN_TYPE = YES_ERROR;
				GCC_WARN_UNDECLARED_SELECTOR = YES;
				GCC_WARN_UNINITIALIZED_AUTOS = YES_AGGRESSIVE;
				GCC_WARN_UNUSED_FUNCTION = YES;
				GCC_WARN_UNUSED_VARIABLE = YES;
				IPHONEOS_DEPLOYMENT_TARGET = 11.0;
				MTL_ENABLE_DEBUG_INFO = YES;
				ONLY_ACTIVE_ARCH = YES;
				SDKROOT = iphoneos;
				SWIFT_ACTIVE_COMPILATION_CONDITIONS = DEBUG;
				SWIFT_OPTIMIZATION_LEVEL = "-Onone";
			};
			name = Debug;
		};
		0203FC2C1F99741C007FE62A /* Release */ = {
			isa = XCBuildConfiguration;
			buildSettings = {
				ALWAYS_SEARCH_USER_PATHS = NO;
				CLANG_ANALYZER_NONNULL = YES;
				CLANG_ANALYZER_NUMBER_OBJECT_CONVERSION = YES_AGGRESSIVE;
				CLANG_CXX_LANGUAGE_STANDARD = "gnu++14";
				CLANG_CXX_LIBRARY = "libc++";
				CLANG_ENABLE_MODULES = YES;
				CLANG_ENABLE_OBJC_ARC = YES;
				CLANG_WARN_BLOCK_CAPTURE_AUTORELEASING = YES;
				CLANG_WARN_BOOL_CONVERSION = YES;
				CLANG_WARN_COMMA = YES;
				CLANG_WARN_CONSTANT_CONVERSION = YES;
				CLANG_WARN_DIRECT_OBJC_ISA_USAGE = YES_ERROR;
				CLANG_WARN_DOCUMENTATION_COMMENTS = YES;
				CLANG_WARN_EMPTY_BODY = YES;
				CLANG_WARN_ENUM_CONVERSION = YES;
				CLANG_WARN_INFINITE_RECURSION = YES;
				CLANG_WARN_INT_CONVERSION = YES;
				CLANG_WARN_NON_LITERAL_NULL_CONVERSION = YES;
				CLANG_WARN_OBJC_LITERAL_CONVERSION = YES;
				CLANG_WARN_OBJC_ROOT_CLASS = YES_ERROR;
				CLANG_WARN_RANGE_LOOP_ANALYSIS = YES;
				CLANG_WARN_STRICT_PROTOTYPES = YES;
				CLANG_WARN_SUSPICIOUS_MOVE = YES;
				CLANG_WARN_UNGUARDED_AVAILABILITY = YES_AGGRESSIVE;
				CLANG_WARN_UNREACHABLE_CODE = YES;
				CLANG_WARN__DUPLICATE_METHOD_MATCH = YES;
				CODE_SIGN_IDENTITY = "iPhone Developer: Mehran Najafi (5C9NDSKQG2)";
				CODE_SIGN_STYLE = Manual;
				COPY_PHASE_STRIP = NO;
				DEBUG_INFORMATION_FORMAT = "dwarf-with-dsym";
				DEVELOPMENT_TEAM = Q79878SPU6;
				ENABLE_NS_ASSERTIONS = NO;
				ENABLE_STRICT_OBJC_MSGSEND = YES;
				GCC_C_LANGUAGE_STANDARD = gnu11;
				GCC_NO_COMMON_BLOCKS = YES;
				GCC_WARN_64_TO_32_BIT_CONVERSION = YES;
				GCC_WARN_ABOUT_RETURN_TYPE = YES_ERROR;
				GCC_WARN_UNDECLARED_SELECTOR = YES;
				GCC_WARN_UNINITIALIZED_AUTOS = YES_AGGRESSIVE;
				GCC_WARN_UNUSED_FUNCTION = YES;
				GCC_WARN_UNUSED_VARIABLE = YES;
				IPHONEOS_DEPLOYMENT_TARGET = 11.0;
				MTL_ENABLE_DEBUG_INFO = NO;
				SDKROOT = iphoneos;
				SWIFT_OPTIMIZATION_LEVEL = "-Owholemodule";
				VALIDATE_PRODUCT = YES;
			};
			name = Release;
		};
		0203FC2E1F99741C007FE62A /* Debug */ = {
			isa = XCBuildConfiguration;
			baseConfigurationReference = 3038C3B7D4343F74E045D1B2 /* Pods-betterInvestor.debug.xcconfig */;
			buildSettings = {
				ALWAYS_EMBED_SWIFT_STANDARD_LIBRARIES = YES;
				ASSETCATALOG_COMPILER_APPICON_NAME = AppIcon;
				CLANG_ENABLE_MODULES = YES;
				CODE_SIGN_IDENTITY = "iPhone Developer: Mehran Najafi (5C9NDSKQG2)";
				"CODE_SIGN_IDENTITY[sdk=iphoneos*]" = "iPhone Developer";
				CODE_SIGN_STYLE = Automatic;
				DEVELOPMENT_TEAM = Q79878SPU6;
				FRAMEWORK_SEARCH_PATHS = (
					"$(inherited)",
					"$(PROJECT_DIR)/Carthage/Build/iOS",
				);
				INFOPLIST_FILE = betterInvestor/Info.plist;
				LD_RUNPATH_SEARCH_PATHS = "$(inherited) @executable_path/Frameworks";
				PRODUCT_BUNDLE_IDENTIFIER = com.ron.betterInvestor;
				PRODUCT_NAME = "$(TARGET_NAME)";
				PROVISIONING_PROFILE = "";
				PROVISIONING_PROFILE_SPECIFIER = "";
				SWIFT_OBJC_BRIDGING_HEADER = "betterInvestor/betterInvestor-Bridging-Header.h";
				SWIFT_OPTIMIZATION_LEVEL = "-Onone";
				SWIFT_VERSION = 4.0;
				TARGETED_DEVICE_FAMILY = 1;
			};
			name = Debug;
		};
		0203FC2F1F99741C007FE62A /* Release */ = {
			isa = XCBuildConfiguration;
			baseConfigurationReference = A99CFDC8D3985A391C82BF29 /* Pods-betterInvestor.release.xcconfig */;
			buildSettings = {
				ALWAYS_EMBED_SWIFT_STANDARD_LIBRARIES = YES;
				ASSETCATALOG_COMPILER_APPICON_NAME = AppIcon;
				CLANG_ENABLE_MODULES = YES;
				CODE_SIGN_IDENTITY = "iPhone Developer: Mehran Najafi (5C9NDSKQG2)";
				"CODE_SIGN_IDENTITY[sdk=iphoneos*]" = "iPhone Developer";
				CODE_SIGN_STYLE = Automatic;
				DEVELOPMENT_TEAM = Q79878SPU6;
				FRAMEWORK_SEARCH_PATHS = (
					"$(inherited)",
					"$(PROJECT_DIR)/Carthage/Build/iOS",
				);
				INFOPLIST_FILE = betterInvestor/Info.plist;
				LD_RUNPATH_SEARCH_PATHS = "$(inherited) @executable_path/Frameworks";
				PRODUCT_BUNDLE_IDENTIFIER = com.ron.betterInvestor;
				PRODUCT_NAME = "$(TARGET_NAME)";
				PROVISIONING_PROFILE = "";
				PROVISIONING_PROFILE_SPECIFIER = "";
				SWIFT_OBJC_BRIDGING_HEADER = "betterInvestor/betterInvestor-Bridging-Header.h";
				SWIFT_VERSION = 4.0;
				TARGETED_DEVICE_FAMILY = 1;
			};
			name = Release;
		};
		0203FC311F99741C007FE62A /* Debug */ = {
			isa = XCBuildConfiguration;
			baseConfigurationReference = 110476187F5C48E4B0BAEDC7 /* Pods-betterInvestorTests.debug.xcconfig */;
			buildSettings = {
				ALWAYS_EMBED_SWIFT_STANDARD_LIBRARIES = YES;
				BUNDLE_LOADER = "$(TEST_HOST)";
				CODE_SIGN_STYLE = Manual;
				DEVELOPMENT_TEAM = Q79878SPU6;
				INFOPLIST_FILE = betterInvestorTests/Info.plist;
				LD_RUNPATH_SEARCH_PATHS = "$(inherited) @executable_path/Frameworks @loader_path/Frameworks";
				PRODUCT_BUNDLE_IDENTIFIER = com.ron.betterInvestorTests;
				PRODUCT_NAME = "$(TARGET_NAME)";
				SWIFT_VERSION = 4.0;
				TARGETED_DEVICE_FAMILY = "1,2";
				TEST_HOST = "$(BUILT_PRODUCTS_DIR)/betterInvestor.app/betterInvestor";
			};
			name = Debug;
		};
		0203FC321F99741C007FE62A /* Release */ = {
			isa = XCBuildConfiguration;
			baseConfigurationReference = 5E3FFF2D1F174049891BCA0E /* Pods-betterInvestorTests.release.xcconfig */;
			buildSettings = {
				ALWAYS_EMBED_SWIFT_STANDARD_LIBRARIES = YES;
				BUNDLE_LOADER = "$(TEST_HOST)";
				CODE_SIGN_STYLE = Manual;
				DEVELOPMENT_TEAM = Q79878SPU6;
				INFOPLIST_FILE = betterInvestorTests/Info.plist;
				LD_RUNPATH_SEARCH_PATHS = "$(inherited) @executable_path/Frameworks @loader_path/Frameworks";
				PRODUCT_BUNDLE_IDENTIFIER = com.ron.betterInvestorTests;
				PRODUCT_NAME = "$(TARGET_NAME)";
				SWIFT_VERSION = 4.0;
				TARGETED_DEVICE_FAMILY = "1,2";
				TEST_HOST = "$(BUILT_PRODUCTS_DIR)/betterInvestor.app/betterInvestor";
			};
			name = Release;
		};
		0203FC341F99741C007FE62A /* Debug */ = {
			isa = XCBuildConfiguration;
			baseConfigurationReference = 7466AEA25E3962D03E0F240D /* Pods-betterInvestorUITests.debug.xcconfig */;
			buildSettings = {
				ALWAYS_EMBED_SWIFT_STANDARD_LIBRARIES = YES;
				CODE_SIGN_STYLE = Manual;
				DEVELOPMENT_TEAM = Q79878SPU6;
				INFOPLIST_FILE = betterInvestorUITests/Info.plist;
				LD_RUNPATH_SEARCH_PATHS = "$(inherited) @executable_path/Frameworks @loader_path/Frameworks";
				PRODUCT_BUNDLE_IDENTIFIER = com.ron.betterInvestorUITests;
				PRODUCT_NAME = "$(TARGET_NAME)";
				SWIFT_VERSION = 4.0;
				TARGETED_DEVICE_FAMILY = "1,2";
				TEST_TARGET_NAME = betterInvestor;
			};
			name = Debug;
		};
		0203FC351F99741C007FE62A /* Release */ = {
			isa = XCBuildConfiguration;
			baseConfigurationReference = E1070D5772089A52466C4F96 /* Pods-betterInvestorUITests.release.xcconfig */;
			buildSettings = {
				ALWAYS_EMBED_SWIFT_STANDARD_LIBRARIES = YES;
				CODE_SIGN_STYLE = Manual;
				DEVELOPMENT_TEAM = Q79878SPU6;
				INFOPLIST_FILE = betterInvestorUITests/Info.plist;
				LD_RUNPATH_SEARCH_PATHS = "$(inherited) @executable_path/Frameworks @loader_path/Frameworks";
				PRODUCT_BUNDLE_IDENTIFIER = com.ron.betterInvestorUITests;
				PRODUCT_NAME = "$(TARGET_NAME)";
				SWIFT_VERSION = 4.0;
				TARGETED_DEVICE_FAMILY = "1,2";
				TEST_TARGET_NAME = betterInvestor;
			};
			name = Release;
		};
/* End XCBuildConfiguration section */

/* Begin XCConfigurationList section */
		0203FC001F99741B007FE62A /* Build configuration list for PBXProject "betterInvestor" */ = {
			isa = XCConfigurationList;
			buildConfigurations = (
				0203FC2B1F99741C007FE62A /* Debug */,
				0203FC2C1F99741C007FE62A /* Release */,
			);
			defaultConfigurationIsVisible = 0;
			defaultConfigurationName = Release;
		};
		0203FC2D1F99741C007FE62A /* Build configuration list for PBXNativeTarget "betterInvestor" */ = {
			isa = XCConfigurationList;
			buildConfigurations = (
				0203FC2E1F99741C007FE62A /* Debug */,
				0203FC2F1F99741C007FE62A /* Release */,
			);
			defaultConfigurationIsVisible = 0;
			defaultConfigurationName = Release;
		};
		0203FC301F99741C007FE62A /* Build configuration list for PBXNativeTarget "betterInvestorTests" */ = {
			isa = XCConfigurationList;
			buildConfigurations = (
				0203FC311F99741C007FE62A /* Debug */,
				0203FC321F99741C007FE62A /* Release */,
			);
			defaultConfigurationIsVisible = 0;
			defaultConfigurationName = Release;
		};
		0203FC331F99741C007FE62A /* Build configuration list for PBXNativeTarget "betterInvestorUITests" */ = {
			isa = XCConfigurationList;
			buildConfigurations = (
				0203FC341F99741C007FE62A /* Debug */,
				0203FC351F99741C007FE62A /* Release */,
			);
			defaultConfigurationIsVisible = 0;
			defaultConfigurationName = Release;
		};
/* End XCConfigurationList section */
	};
	rootObject = 0203FBFD1F99741B007FE62A /* Project object */;
}
